// !$*UTF8*$!
{
	archiveVersion = 1;
	classes = {
	};
	objectVersion = 60;
	objects = {

/* Begin PBXBuildFile section */
		05BF05E493104E0FB4607FFA /* DemoFlowModel.swift in Sources */ = {isa = PBXBuildFile; fileRef = 085D4346DF9640A0A4388BA4 /* DemoFlowModel.swift */; };
		0C70FB1CD1C44CFFA011AEC3 /* SampleHandler.swift in Sources */ = {isa = PBXBuildFile; fileRef = F3FD3B7A5DAB450B9B4C669E /* SampleHandler.swift */; };
		2E63AE2477E44BC7AF122DA1 /* HLServerClient.swift in Sources */ = {isa = PBXBuildFile; fileRef = 47FA2905429C48519CA25FF4 /* HLServerClient.swift */; };
		306739C9DACE4FEA8921CD90 /* ScreenSharingExtension-iOS.appex in Embed Foundation Extensions */ = {isa = PBXBuildFile; fileRef = A9DAD485D00A4ED7861B0E91 /* ScreenSharingExtension-iOS.appex */; settings = {ATTRIBUTES = (RemoveHeadersOnCopy, ); }; };
		4FE9A1AFC9AF4E38BBA63ACE /* SampleHandler.swift in Sources */ = {isa = PBXBuildFile; fileRef = F3FD3B7A5DAB450B9B4C669E /* SampleHandler.swift */; };
		5266494C87954210A5EF9155 /* AuthView.swift in Sources */ = {isa = PBXBuildFile; fileRef = 806EA88858824C19A84D6D1A /* AuthView.swift */; };
		6A18FE80B47045979B00B01A /* SampleSwiftUIApp.swift in Sources */ = {isa = PBXBuildFile; fileRef = F30DC7474FB6433D800BB87A /* SampleSwiftUIApp.swift */; };
		70FD432687F9490FB2F0FCAC /* ScreenSharingExtension-visionOS.appex in Embed Foundation Extensions */ = {isa = PBXBuildFile; fileRef = A7D3A9BDF66A4185BB40A38B /* ScreenSharingExtension-visionOS.appex */; settings = {ATTRIBUTES = (RemoveHeadersOnCopy, ); }; };
		761F4C89624D4EC4AC1CD02B /* RootView.swift in Sources */ = {isa = PBXBuildFile; fileRef = A7003F2C3AD34F989D54DADE /* RootView.swift */; };
		99408F194D974E3783241D6F /* FBLPromiseAsync.swift in Sources */ = {isa = PBXBuildFile; fileRef = CA1C891D3DF6469A90686D1F /* FBLPromiseAsync.swift */; };
		C72D0EF62FF8C1BD0050E093 /* HLSDK in Frameworks */ = {isa = PBXBuildFile; productRef = 744DFCADD20342D78C3B74D4 /* HLSDK */; };
		C72D0EF72FF8C1BD0050E093 /* HLSDKScreenSharing in Frameworks */ = {isa = PBXBuildFile; productRef = E8356BE7E44042C8A4CE8DAF /* HLSDKScreenSharing */; };
		C72D0EF82FF8C1BD0050E093 /* SampleSwiftUIApp.swift in Sources */ = {isa = PBXBuildFile; fileRef = F30DC7474FB6433D800BB87A /* SampleSwiftUIApp.swift */; };
		C72D0EF92FF8C1BD0050E093 /* RootView.swift in Sources */ = {isa = PBXBuildFile; fileRef = A7003F2C3AD34F989D54DADE /* RootView.swift */; };
		C72D0EFA2FF8C1BD0050E093 /* AuthView.swift in Sources */ = {isa = PBXBuildFile; fileRef = 806EA88858824C19A84D6D1A /* AuthView.swift */; };
		C72D0EFB2FF8C1BD0050E093 /* SetupView.swift in Sources */ = {isa = PBXBuildFile; fileRef = A4F0134731E2457ABD69E2AB /* SetupView.swift */; };
		C72D0EFC2FF8C1BD0050E093 /* JoinView.swift in Sources */ = {isa = PBXBuildFile; fileRef = 8D8FBC7BC497490EA92FD33A /* JoinView.swift */; };
		C72D0EFD2FF8C1BD0050E093 /* DemoConfiguration.swift in Sources */ = {isa = PBXBuildFile; fileRef = 948E3DF6F86248E8983E1B5E /* DemoConfiguration.swift */; };
		C72D0EFE2FF8C1BD0050E093 /* DemoSessionState.swift in Sources */ = {isa = PBXBuildFile; fileRef = C92A295038F54210A612D7C8 /* DemoSessionState.swift */; };
		C72D0EFF2FF8C1BD0050E093 /* DemoFlowModel.swift in Sources */ = {isa = PBXBuildFile; fileRef = 085D4346DF9640A0A4388BA4 /* DemoFlowModel.swift */; };
		C72D0F002FF8C1BD0050E093 /* DemoCallCoordinator.swift in Sources */ = {isa = PBXBuildFile; fileRef = CD3A2276AA3F4C38979B1A3B /* DemoCallCoordinator.swift */; };
		C72D0F012FF8C1BD0050E093 /* HLServerClient.swift in Sources */ = {isa = PBXBuildFile; fileRef = 47FA2905429C48519CA25FF4 /* HLServerClient.swift */; };
		C72D0F022FF8C1BD0050E093 /* FBLPromiseAsync.swift in Sources */ = {isa = PBXBuildFile; fileRef = CA1C891D3DF6469A90686D1F /* FBLPromiseAsync.swift */; };
		C72D0F032FF8C1BD0050E093 /* HLSDK in Frameworks */ = {isa = PBXBuildFile; productRef = 186429B4067341A9B04B1120 /* HLSDK */; };
		C72D0F042FF8C1BD0050E093 /* HLSDKScreenSharing in Frameworks */ = {isa = PBXBuildFile; productRef = F8FA7E84A82C4894AD697B38 /* HLSDKScreenSharing */; };
		D264820F9B1940F4A116BA68 /* JoinView.swift in Sources */ = {isa = PBXBuildFile; fileRef = 8D8FBC7BC497490EA92FD33A /* JoinView.swift */; };
		D56E5BF64D304FE486B1950C /* DemoCallCoordinator.swift in Sources */ = {isa = PBXBuildFile; fileRef = CD3A2276AA3F4C38979B1A3B /* DemoCallCoordinator.swift */; };
		F5FCB03B42564808A2E43F58 /* DemoConfiguration.swift in Sources */ = {isa = PBXBuildFile; fileRef = 948E3DF6F86248E8983E1B5E /* DemoConfiguration.swift */; };
		F965A94824A3440A86592E40 /* SetupView.swift in Sources */ = {isa = PBXBuildFile; fileRef = A4F0134731E2457ABD69E2AB /* SetupView.swift */; };
		FD28CBA7558A4A5F9202B9E2 /* DemoSessionState.swift in Sources */ = {isa = PBXBuildFile; fileRef = C92A295038F54210A612D7C8 /* DemoSessionState.swift */; };
/* End PBXBuildFile section */

/* Begin PBXContainerItemProxy section */
		0E6332F20C2248F880953922 /* PBXContainerItemProxy */ = {
			isa = PBXContainerItemProxy;
			containerPortal = 41E4D768B54E4ED5B9857AC9 /* Project object */;
			proxyType = 1;
			remoteGlobalIDString = AFA4F282ACA849E3B3CED200;
			remoteInfo = "ScreenSharingExtension-iOS";
		};
		6A5474593F794FE2AF3B3717 /* PBXContainerItemProxy */ = {
			isa = PBXContainerItemProxy;
			containerPortal = 41E4D768B54E4ED5B9857AC9 /* Project object */;
			proxyType = 1;
			remoteGlobalIDString = 2C24C05844ED408FA44FA0EF;
			remoteInfo = "ScreenSharingExtension-visionOS";
		};
/* End PBXContainerItemProxy section */

/* Begin PBXCopyFilesBuildPhase section */
		338FFEDBA85742E3B0F368E3 /* Embed Foundation Extensions */ = {
			isa = PBXCopyFilesBuildPhase;
			buildActionMask = 2147483647;
			dstPath = "";
			dstSubfolderSpec = 13;
			files = (
				70FD432687F9490FB2F0FCAC /* ScreenSharingExtension-visionOS.appex in Embed Foundation Extensions */,
			);
			name = "Embed Foundation Extensions";
			runOnlyForDeploymentPostprocessing = 0;
		};
		6C7A4594513E4D01AAA4CCB6 /* Embed Foundation Extensions */ = {
			isa = PBXCopyFilesBuildPhase;
			buildActionMask = 2147483647;
			dstPath = "";
			dstSubfolderSpec = 13;
			files = (
				306739C9DACE4FEA8921CD90 /* ScreenSharingExtension-iOS.appex in Embed Foundation Extensions */,
			);
			name = "Embed Foundation Extensions";
			runOnlyForDeploymentPostprocessing = 0;
		};
/* End PBXCopyFilesBuildPhase section */

/* Begin PBXFileReference section */
		085D4346DF9640A0A4388BA4 /* DemoFlowModel.swift */ = {isa = PBXFileReference; lastKnownFileType = sourcecode.swift; path = DemoFlowModel.swift; sourceTree = "<group>"; };
		332EE8545FC54254B641D5D6 /* SampleSwiftUI-iOS.app */ = {isa = PBXFileReference; explicitFileType = wrapper.application; includeInIndex = 0; path = "SampleSwiftUI-iOS.app"; sourceTree = BUILT_PRODUCTS_DIR; };
		47FA2905429C48519CA25FF4 /* HLServerClient.swift */ = {isa = PBXFileReference; lastKnownFileType = sourcecode.swift; path = HLServerClient.swift; sourceTree = "<group>"; };
		5E62DD4579DA43CDAA2F29B8 /* SampleSwiftUI-iOS.entitlements */ = {isa = PBXFileReference; lastKnownFileType = text.plist.entitlements; path = "SampleSwiftUI-iOS.entitlements"; sourceTree = "<group>"; };
		67C38722470F467EBDBCA146 /* SampleSwiftUI-visionOS.app */ = {isa = PBXFileReference; explicitFileType = wrapper.application; includeInIndex = 0; path = "SampleSwiftUI-visionOS.app"; sourceTree = BUILT_PRODUCTS_DIR; };
		806EA88858824C19A84D6D1A /* AuthView.swift */ = {isa = PBXFileReference; lastKnownFileType = sourcecode.swift; path = AuthView.swift; sourceTree = "<group>"; };
		8D8FBC7BC497490EA92FD33A /* JoinView.swift */ = {isa = PBXFileReference; lastKnownFileType = sourcecode.swift; path = JoinView.swift; sourceTree = "<group>"; };
		924E06250432450188785F19 /* SampleSwiftUI-visionOS.entitlements */ = {isa = PBXFileReference; lastKnownFileType = text.plist.entitlements; path = "SampleSwiftUI-visionOS.entitlements"; sourceTree = "<group>"; };
		948E3DF6F86248E8983E1B5E /* DemoConfiguration.swift */ = {isa = PBXFileReference; lastKnownFileType = sourcecode.swift; path = DemoConfiguration.swift; sourceTree = "<group>"; };
		977C752795CF4C748C7448A8 /* ScreenSharingExtension.entitlements */ = {isa = PBXFileReference; lastKnownFileType = text.plist.entitlements; path = ScreenSharingExtension.entitlements; sourceTree = "<group>"; };
		A4F0134731E2457ABD69E2AB /* SetupView.swift */ = {isa = PBXFileReference; lastKnownFileType = sourcecode.swift; path = SetupView.swift; sourceTree = "<group>"; };
		A7003F2C3AD34F989D54DADE /* RootView.swift */ = {isa = PBXFileReference; lastKnownFileType = sourcecode.swift; path = RootView.swift; sourceTree = "<group>"; };
		A7D3A9BDF66A4185BB40A38B /* ScreenSharingExtension-visionOS.appex */ = {isa = PBXFileReference; explicitFileType = "wrapper.app-extension"; includeInIndex = 0; path = "ScreenSharingExtension-visionOS.appex"; sourceTree = BUILT_PRODUCTS_DIR; };
		A9DAD485D00A4ED7861B0E91 /* ScreenSharingExtension-iOS.appex */ = {isa = PBXFileReference; explicitFileType = "wrapper.app-extension"; includeInIndex = 0; path = "ScreenSharingExtension-iOS.appex"; sourceTree = BUILT_PRODUCTS_DIR; };
		C92A295038F54210A612D7C8 /* DemoSessionState.swift */ = {isa = PBXFileReference; lastKnownFileType = sourcecode.swift; path = DemoSessionState.swift; sourceTree = "<group>"; };
		CA1C891D3DF6469A90686D1F /* FBLPromiseAsync.swift */ = {isa = PBXFileReference; lastKnownFileType = sourcecode.swift; path = FBLPromiseAsync.swift; sourceTree = "<group>"; };
		CD3A2276AA3F4C38979B1A3B /* DemoCallCoordinator.swift */ = {isa = PBXFileReference; lastKnownFileType = sourcecode.swift; path = DemoCallCoordinator.swift; sourceTree = "<group>"; };
		F30DC7474FB6433D800BB87A /* SampleSwiftUIApp.swift */ = {isa = PBXFileReference; lastKnownFileType = sourcecode.swift; path = SampleSwiftUIApp.swift; sourceTree = "<group>"; };
		F3FD3B7A5DAB450B9B4C669E /* SampleHandler.swift */ = {isa = PBXFileReference; lastKnownFileType = sourcecode.swift; path = SampleHandler.swift; sourceTree = "<group>"; };
		FF97FB59FFAE409D88DA528E /* Info.plist */ = {isa = PBXFileReference; lastKnownFileType = text.plist.xml; path = Info.plist; sourceTree = "<group>"; };
/* End PBXFileReference section */

/* Begin PBXFrameworksBuildPhase section */
		4E2FEE65609B4E9EBAAB6D6A /* Frameworks */ = {
			isa = PBXFrameworksBuildPhase;
			buildActionMask = 2147483647;
			files = (
				C72D0EF72FF8C1BD0050E093 /* HLSDKScreenSharing in Frameworks */,
			);
			runOnlyForDeploymentPostprocessing = 0;
		};
		AFD748318D504612B1209640 /* Frameworks */ = {
			isa = PBXFrameworksBuildPhase;
			buildActionMask = 2147483647;
			files = (
				C72D0F032FF8C1BD0050E093 /* HLSDK in Frameworks */,
			);
			runOnlyForDeploymentPostprocessing = 0;
		};
		CE5E1EB12C8E4A24A92839A6 /* Frameworks */ = {
			isa = PBXFrameworksBuildPhase;
			buildActionMask = 2147483647;
			files = (
				C72D0EF62FF8C1BD0050E093 /* HLSDK in Frameworks */,
			);
			runOnlyForDeploymentPostprocessing = 0;
		};
		E579ABC9E02746109FC4F6B8 /* Frameworks */ = {
			isa = PBXFrameworksBuildPhase;
			buildActionMask = 2147483647;
			files = (
				C72D0F042FF8C1BD0050E093 /* HLSDKScreenSharing in Frameworks */,
			);
			runOnlyForDeploymentPostprocessing = 0;
		};
/* End PBXFrameworksBuildPhase section */

/* Begin PBXGroup section */
		320C8A3B2E544A3AAA85E1A8 /* Shared */ = {
			isa = PBXGroup;
			children = (
				F30DC7474FB6433D800BB87A /* SampleSwiftUIApp.swift */,
				A7003F2C3AD34F989D54DADE /* RootView.swift */,
				806EA88858824C19A84D6D1A /* AuthView.swift */,
				A4F0134731E2457ABD69E2AB /* SetupView.swift */,
				8D8FBC7BC497490EA92FD33A /* JoinView.swift */,
				948E3DF6F86248E8983E1B5E /* DemoConfiguration.swift */,
				C92A295038F54210A612D7C8 /* DemoSessionState.swift */,
				085D4346DF9640A0A4388BA4 /* DemoFlowModel.swift */,
				CD3A2276AA3F4C38979B1A3B /* DemoCallCoordinator.swift */,
				47FA2905429C48519CA25FF4 /* HLServerClient.swift */,
				CA1C891D3DF6469A90686D1F /* FBLPromiseAsync.swift */,
			);
			path = Shared;
			sourceTree = "<group>";
		};
		7B43F13A68D942A388C1BC5B /* Extensions/ScreenSharingExtension */ = {
			isa = PBXGroup;
			children = (
				F3FD3B7A5DAB450B9B4C669E /* SampleHandler.swift */,
				977C752795CF4C748C7448A8 /* ScreenSharingExtension.entitlements */,
				FF97FB59FFAE409D88DA528E /* Info.plist */,
			);
			path = Extensions/ScreenSharingExtension;
			sourceTree = "<group>";
		};
		85013436CFA54FD2A5BF5B04 = {
			isa = PBXGroup;
			children = (
				320C8A3B2E544A3AAA85E1A8 /* Shared */,
				7B43F13A68D942A388C1BC5B /* Extensions/ScreenSharingExtension */,
				C7407521C6374C399323E4EE /* iOS */,
				D35B6850E3FB4849B9F033DD /* visionOS */,
				FEC1E5DFF85643C6823DAF5D /* Products */,
			);
			sourceTree = "<group>";
		};
		C7407521C6374C399323E4EE /* iOS */ = {
			isa = PBXGroup;
			children = (
				5E62DD4579DA43CDAA2F29B8 /* SampleSwiftUI-iOS.entitlements */,
			);
			path = iOS;
			sourceTree = "<group>";
		};
		D35B6850E3FB4849B9F033DD /* visionOS */ = {
			isa = PBXGroup;
			children = (
				924E06250432450188785F19 /* SampleSwiftUI-visionOS.entitlements */,
			);
			path = visionOS;
			sourceTree = "<group>";
		};
		FEC1E5DFF85643C6823DAF5D /* Products */ = {
			isa = PBXGroup;
			children = (
				332EE8545FC54254B641D5D6 /* SampleSwiftUI-iOS.app */,
				67C38722470F467EBDBCA146 /* SampleSwiftUI-visionOS.app */,
				A9DAD485D00A4ED7861B0E91 /* ScreenSharingExtension-iOS.appex */,
				A7D3A9BDF66A4185BB40A38B /* ScreenSharingExtension-visionOS.appex */,
			);
			name = Products;
			sourceTree = "<group>";
		};
/* End PBXGroup section */

/* Begin PBXNativeTarget section */
		2C24C05844ED408FA44FA0EF /* ScreenSharingExtension-visionOS */ = {
			isa = PBXNativeTarget;
			buildConfigurationList = D2D036CDF2554BF1BD6D3111 /* Build configuration list for PBXNativeTarget "ScreenSharingExtension-visionOS" */;
			buildPhases = (
				8D5FFE07A9B54945A4D043D8 /* Sources */,
				E579ABC9E02746109FC4F6B8 /* Frameworks */,
			);
			buildRules = (
			);
			dependencies = (
			);
			name = "ScreenSharingExtension-visionOS";
			packageProductDependencies = (
				F8FA7E84A82C4894AD697B38 /* HLSDKScreenSharing */,
			);
			productName = "ScreenSharingExtension-visionOS";
			productReference = A7D3A9BDF66A4185BB40A38B /* ScreenSharingExtension-visionOS.appex */;
			productType = "com.apple.product-type.app-extension";
		};
		2F9284DD73F34A2086EB45A5 /* SampleSwiftUI-visionOS */ = {
			isa = PBXNativeTarget;
			buildConfigurationList = 727A0F2E047B46209D214885 /* Build configuration list for PBXNativeTarget "SampleSwiftUI-visionOS" */;
			buildPhases = (
				1F095FF805894981AD1055DA /* Sources */,
				AFD748318D504612B1209640 /* Frameworks */,
				338FFEDBA85742E3B0F368E3 /* Embed Foundation Extensions */,
			);
			buildRules = (
			);
			dependencies = (
				BB5FEC6442B44D7498C6CB0A /* PBXTargetDependency */,
			);
			name = "SampleSwiftUI-visionOS";
			packageProductDependencies = (
				186429B4067341A9B04B1120 /* HLSDK */,
			);
			productName = "SampleSwiftUI-visionOS";
			productReference = 67C38722470F467EBDBCA146 /* SampleSwiftUI-visionOS.app */;
			productType = "com.apple.product-type.application";
		};
		AF03BAD70924427C8C7F9461 /* SampleSwiftUI-iOS */ = {
			isa = PBXNativeTarget;
			buildConfigurationList = 3C1402A0BD8440CBA5868C14 /* Build configuration list for PBXNativeTarget "SampleSwiftUI-iOS" */;
			buildPhases = (
				9F43ECE33DBB44728AD61343 /* Sources */,
				CE5E1EB12C8E4A24A92839A6 /* Frameworks */,
				6C7A4594513E4D01AAA4CCB6 /* Embed Foundation Extensions */,
			);
			buildRules = (
			);
			dependencies = (
				8D408DE0D2C742C0B8087F9D /* PBXTargetDependency */,
			);
			name = "SampleSwiftUI-iOS";
			packageProductDependencies = (
				744DFCADD20342D78C3B74D4 /* HLSDK */,
			);
			productName = "SampleSwiftUI-iOS";
			productReference = 332EE8545FC54254B641D5D6 /* SampleSwiftUI-iOS.app */;
			productType = "com.apple.product-type.application";
		};
		AFA4F282ACA849E3B3CED200 /* ScreenSharingExtension-iOS */ = {
			isa = PBXNativeTarget;
			buildConfigurationList = BA53DD2FEFCC4AC7A152CBD1 /* Build configuration list for PBXNativeTarget "ScreenSharingExtension-iOS" */;
			buildPhases = (
				D1AF4114B34D4C52BE70FF0E /* Sources */,
				4E2FEE65609B4E9EBAAB6D6A /* Frameworks */,
			);
			buildRules = (
			);
			dependencies = (
			);
			name = "ScreenSharingExtension-iOS";
			packageProductDependencies = (
				E8356BE7E44042C8A4CE8DAF /* HLSDKScreenSharing */,
			);
			productName = "ScreenSharingExtension-iOS";
			productReference = A9DAD485D00A4ED7861B0E91 /* ScreenSharingExtension-iOS.appex */;
			productType = "com.apple.product-type.app-extension";
		};
/* End PBXNativeTarget section */

/* Begin PBXProject section */
		41E4D768B54E4ED5B9857AC9 /* Project object */ = {
			isa = PBXProject;
			attributes = {
				BuildIndependentTargetsInParallel = 1;
				LastSwiftUpdateCheck = 2600;
				LastUpgradeCheck = 2600;
			};
			buildConfigurationList = 1A69BE8A368048289E67A502 /* Build configuration list for PBXProject "SampleSwiftUI" */;
			compatibilityVersion = "Xcode 15.0";
			developmentRegion = en;
			hasScannedForEncodings = 0;
			knownRegions = (
				en,
				Base,
			);
			mainGroup = 85013436CFA54FD2A5BF5B04;
			packageReferences = (
				3FA1CEC5E1AB4632B7FC3D9A /* XCLocalSwiftPackageReference "../../../VisionPro/vp_work/VisionProApp/HLSDK/Release/binary-spm/rendered-local/HLSDK" */,
			);
			productRefGroup = FEC1E5DFF85643C6823DAF5D /* Products */;
			projectDirPath = "";
			projectRoot = "";
			targets = (
				AF03BAD70924427C8C7F9461 /* SampleSwiftUI-iOS */,
				2F9284DD73F34A2086EB45A5 /* SampleSwiftUI-visionOS */,
				AFA4F282ACA849E3B3CED200 /* ScreenSharingExtension-iOS */,
				2C24C05844ED408FA44FA0EF /* ScreenSharingExtension-visionOS */,
			);
		};
/* End PBXProject section */

/* Begin PBXSourcesBuildPhase section */
		1F095FF805894981AD1055DA /* Sources */ = {
			isa = PBXSourcesBuildPhase;
			buildActionMask = 2147483647;
			files = (
				C72D0EF82FF8C1BD0050E093 /* SampleSwiftUIApp.swift in Sources */,
				C72D0EF92FF8C1BD0050E093 /* RootView.swift in Sources */,
				C72D0EFA2FF8C1BD0050E093 /* AuthView.swift in Sources */,
				C72D0EFB2FF8C1BD0050E093 /* SetupView.swift in Sources */,
				C72D0EFC2FF8C1BD0050E093 /* JoinView.swift in Sources */,
				C72D0EFD2FF8C1BD0050E093 /* DemoConfiguration.swift in Sources */,
				C72D0EFE2FF8C1BD0050E093 /* DemoSessionState.swift in Sources */,
				C72D0EFF2FF8C1BD0050E093 /* DemoFlowModel.swift in Sources */,
				C72D0F002FF8C1BD0050E093 /* DemoCallCoordinator.swift in Sources */,
				C72D0F012FF8C1BD0050E093 /* HLServerClient.swift in Sources */,
				C72D0F022FF8C1BD0050E093 /* FBLPromiseAsync.swift in Sources */,
			);
			runOnlyForDeploymentPostprocessing = 0;
		};
		8D5FFE07A9B54945A4D043D8 /* Sources */ = {
			isa = PBXSourcesBuildPhase;
			buildActionMask = 2147483647;
			files = (
				4FE9A1AFC9AF4E38BBA63ACE /* SampleHandler.swift in Sources */,
			);
			runOnlyForDeploymentPostprocessing = 0;
		};
		9F43ECE33DBB44728AD61343 /* Sources */ = {
			isa = PBXSourcesBuildPhase;
			buildActionMask = 2147483647;
			files = (
				6A18FE80B47045979B00B01A /* SampleSwiftUIApp.swift in Sources */,
				761F4C89624D4EC4AC1CD02B /* RootView.swift in Sources */,
				5266494C87954210A5EF9155 /* AuthView.swift in Sources */,
				F965A94824A3440A86592E40 /* SetupView.swift in Sources */,
				D264820F9B1940F4A116BA68 /* JoinView.swift in Sources */,
				F5FCB03B42564808A2E43F58 /* DemoConfiguration.swift in Sources */,
				FD28CBA7558A4A5F9202B9E2 /* DemoSessionState.swift in Sources */,
				05BF05E493104E0FB4607FFA /* DemoFlowModel.swift in Sources */,
				D56E5BF64D304FE486B1950C /* DemoCallCoordinator.swift in Sources */,
				2E63AE2477E44BC7AF122DA1 /* HLServerClient.swift in Sources */,
				99408F194D974E3783241D6F /* FBLPromiseAsync.swift in Sources */,
			);
			runOnlyForDeploymentPostprocessing = 0;
		};
		D1AF4114B34D4C52BE70FF0E /* Sources */ = {
			isa = PBXSourcesBuildPhase;
			buildActionMask = 2147483647;
			files = (
				0C70FB1CD1C44CFFA011AEC3 /* SampleHandler.swift in Sources */,
			);
			runOnlyForDeploymentPostprocessing = 0;
		};
/* End PBXSourcesBuildPhase section */

/* Begin PBXTargetDependency section */
		8D408DE0D2C742C0B8087F9D /* PBXTargetDependency */ = {
			isa = PBXTargetDependency;
			target = AFA4F282ACA849E3B3CED200 /* ScreenSharingExtension-iOS */;
			targetProxy = 0E6332F20C2248F880953922 /* PBXContainerItemProxy */;
		};
		BB5FEC6442B44D7498C6CB0A /* PBXTargetDependency */ = {
			isa = PBXTargetDependency;
			target = 2C24C05844ED408FA44FA0EF /* ScreenSharingExtension-visionOS */;
			targetProxy = 6A5474593F794FE2AF3B3717 /* PBXContainerItemProxy */;
		};
/* End PBXTargetDependency section */

/* Begin XCBuildConfiguration section */
		0436E3B1A0BC49D9B6343333 /* Release */ = {
			isa = XCBuildConfiguration;
			buildSettings = {
				ALWAYS_SEARCH_USER_PATHS = NO;
				CLANG_ENABLE_MODULES = YES;
				COPY_PHASE_STRIP = NO;
				DEBUG_INFORMATION_FORMAT = "dwarf-with-dsym";
				ENABLE_USER_SCRIPT_SANDBOXING = YES;
				SDKROOT = iphoneos;
				SWIFT_COMPILATION_MODE = wholemodule;
			};
			name = Release;
		};
		14D81BC2D32F464D9EACFA6B /* Debug */ = {
			isa = XCBuildConfiguration;
			buildSettings = {
				ALWAYS_SEARCH_USER_PATHS = NO;
				CLANG_ENABLE_MODULES = YES;
				COPY_PHASE_STRIP = NO;
				DEBUG_INFORMATION_FORMAT = dwarf;
				ENABLE_USER_SCRIPT_SANDBOXING = YES;
				GCC_DYNAMIC_NO_PIC = NO;
				GCC_OPTIMIZATION_LEVEL = 0;
				ONLY_ACTIVE_ARCH = YES;
				SDKROOT = iphoneos;
				SWIFT_ACTIVE_COMPILATION_CONDITIONS = DEBUG;
				SWIFT_OPTIMIZATION_LEVEL = "-Onone";
			};
			name = Debug;
		};
		4D871B96187548538B6DDA81 /* Debug */ = {
			isa = XCBuildConfiguration;
			buildSettings = {
				CODE_SIGN_ENTITLEMENTS = Extensions/ScreenSharingExtension/ScreenSharingExtension.entitlements;
				CODE_SIGN_STYLE = Automatic;
				CURRENT_PROJECT_VERSION = 1;
				DEVELOPMENT_TEAM = VGG743YS65;
				GENERATE_INFOPLIST_FILE = NO;
				INFOPLIST_FILE = Extensions/ScreenSharingExtension/Info.plist;
				IPHONEOS_DEPLOYMENT_TARGET = 17.0;
				LD_RUNPATH_SEARCH_PATHS = (
					"$(inherited)",
					"@executable_path/Frameworks",
					"@executable_path/../../Frameworks",
				);
				MARKETING_VERSION = 1.0;
				PRODUCT_BUNDLE_IDENTIFIER = com.helplightning.sdk.sample.PresenceSwiftUI.ScreenSharingExtension;
				PRODUCT_NAME = "$(TARGET_NAME)";
				SDKROOT = iphoneos;
				SKIP_INSTALL = YES;
				SUPPORTED_PLATFORMS = "iphoneos iphonesimulator";
				SWIFT_VERSION = 6.0;
			};
			name = Debug;
		};
		637EB9B99B7F4D73AE660ACF /* Debug */ = {
			isa = XCBuildConfiguration;
			buildSettings = {
				CODE_SIGN_ENTITLEMENTS = "visionOS/SampleSwiftUI-visionOS.entitlements";
				CODE_SIGN_STYLE = Automatic;
				CURRENT_PROJECT_VERSION = 1;
				DEVELOPMENT_TEAM = VGG743YS65;
				GENERATE_INFOPLIST_FILE = YES;
				INFOPLIST_KEY_CFBundleDisplayName = SampleSwiftUI;
				INFOPLIST_KEY_NSCameraUsageDescription = "Camera access is required for Help Lightning video calls.";
				INFOPLIST_KEY_NSMicrophoneUsageDescription = "Microphone access is required for Help Lightning video calls.";
				LD_RUNPATH_SEARCH_PATHS = (
					"$(inherited)",
					"@executable_path/Frameworks",
				);
				MARKETING_VERSION = 1.0;
				PRODUCT_BUNDLE_IDENTIFIER = com.helplightning.sdk.sample.PresenceSwiftUI;
				PRODUCT_NAME = "$(TARGET_NAME)";
				SDKROOT = xros;
				SUPPORTED_PLATFORMS = "xros xrsimulator";
				SWIFT_EMIT_LOC_STRINGS = YES;
				SWIFT_VERSION = 6.0;
				TARGETED_DEVICE_FAMILY = 7;
				XROS_DEPLOYMENT_TARGET = 2.0;
			};
			name = Debug;
		};
		7DB76F716A1D430DBD30B7EB /* Release */ = {
			isa = XCBuildConfiguration;
			buildSettings = {
				CODE_SIGN_ENTITLEMENTS = Extensions/ScreenSharingExtension/ScreenSharingExtension.entitlements;
				CODE_SIGN_STYLE = Automatic;
				CURRENT_PROJECT_VERSION = 1;
				DEVELOPMENT_TEAM = VGG743YS65;
				GENERATE_INFOPLIST_FILE = NO;
				INFOPLIST_FILE = Extensions/ScreenSharingExtension/Info.plist;
				LD_RUNPATH_SEARCH_PATHS = (
					"$(inherited)",
					"@executable_path/Frameworks",
					"@executable_path/../../Frameworks",
				);
				MARKETING_VERSION = 1.0;
				PRODUCT_BUNDLE_IDENTIFIER = com.helplightning.sdk.sample.PresenceSwiftUI.ScreenSharingExtension;
				PRODUCT_NAME = "$(TARGET_NAME)";
				SDKROOT = xros;
				SKIP_INSTALL = YES;
				SUPPORTED_PLATFORMS = "xros xrsimulator";
				SWIFT_VERSION = 6.0;
				XROS_DEPLOYMENT_TARGET = 2.0;
			};
			name = Release;
		};
		9D152BB2D35843FEAF091C44 /* Release */ = {
			isa = XCBuildConfiguration;
			buildSettings = {
				CODE_SIGN_ENTITLEMENTS = Extensions/ScreenSharingExtension/ScreenSharingExtension.entitlements;
				CODE_SIGN_STYLE = Automatic;
				CURRENT_PROJECT_VERSION = 1;
				DEVELOPMENT_TEAM = VGG743YS65;
				GENERATE_INFOPLIST_FILE = NO;
				INFOPLIST_FILE = Extensions/ScreenSharingExtension/Info.plist;
				IPHONEOS_DEPLOYMENT_TARGET = 17.0;
				LD_RUNPATH_SEARCH_PATHS = (
					"$(inherited)",
					"@executable_path/Frameworks",
					"@executable_path/../../Frameworks",
				);
				MARKETING_VERSION = 1.0;
				PRODUCT_BUNDLE_IDENTIFIER = com.helplightning.sdk.sample.PresenceSwiftUI.ScreenSharingExtension;
				PRODUCT_NAME = "$(TARGET_NAME)";
				SDKROOT = iphoneos;
				SKIP_INSTALL = YES;
				SUPPORTED_PLATFORMS = "iphoneos iphonesimulator";
				SWIFT_VERSION = 6.0;
			};
			name = Release;
		};
		C01510EDD9974EE8B48DDF26 /* Debug */ = {
			isa = XCBuildConfiguration;
			buildSettings = {
				CODE_SIGN_ENTITLEMENTS = Extensions/ScreenSharingExtension/ScreenSharingExtension.entitlements;
				CODE_SIGN_STYLE = Automatic;
				CURRENT_PROJECT_VERSION = 1;
				DEVELOPMENT_TEAM = VGG743YS65;
				GENERATE_INFOPLIST_FILE = NO;
				INFOPLIST_FILE = Extensions/ScreenSharingExtension/Info.plist;
				LD_RUNPATH_SEARCH_PATHS = (
					"$(inherited)",
					"@executable_path/Frameworks",
					"@executable_path/../../Frameworks",
				);
				MARKETING_VERSION = 1.0;
				PRODUCT_BUNDLE_IDENTIFIER = com.helplightning.sdk.sample.PresenceSwiftUI.ScreenSharingExtension;
				PRODUCT_NAME = "$(TARGET_NAME)";
				SDKROOT = xros;
				SKIP_INSTALL = YES;
				SUPPORTED_PLATFORMS = "xros xrsimulator";
				SWIFT_VERSION = 6.0;
				XROS_DEPLOYMENT_TARGET = 2.0;
			};
			name = Debug;
		};
		C9AC7EFF3A1542DFAF893CBA /* Release */ = {
			isa = XCBuildConfiguration;
			buildSettings = {
				CODE_SIGN_ENTITLEMENTS = "iOS/SampleSwiftUI-iOS.entitlements";
				CODE_SIGN_STYLE = Automatic;
				CURRENT_PROJECT_VERSION = 1;
				DEVELOPMENT_TEAM = VGG743YS65;
				GENERATE_INFOPLIST_FILE = YES;
				INFOPLIST_KEY_CFBundleDisplayName = SampleSwiftUI;
				INFOPLIST_KEY_NSCameraUsageDescription = "Camera access is required for Help Lightning video calls.";
				INFOPLIST_KEY_NSMicrophoneUsageDescription = "Microphone access is required for Help Lightning video calls.";
				INFOPLIST_KEY_UIApplicationSceneManifest_Generation = YES;
				IPHONEOS_DEPLOYMENT_TARGET = 17.0;
				LD_RUNPATH_SEARCH_PATHS = (
					"$(inherited)",
					"@executable_path/Frameworks",
				);
				MARKETING_VERSION = 1.0;
				PRODUCT_BUNDLE_IDENTIFIER = com.helplightning.sdk.sample.PresenceSwiftUI;
				PRODUCT_NAME = "$(TARGET_NAME)";
				SDKROOT = iphoneos;
				SUPPORTED_PLATFORMS = "iphoneos iphonesimulator";
				SWIFT_EMIT_LOC_STRINGS = YES;
				SWIFT_VERSION = 6.0;
				TARGETED_DEVICE_FAMILY = "1,2";
			};
			name = Release;
		};
		E2BB3200EC904B89BAD0BA6A /* Debug */ = {
			isa = XCBuildConfiguration;
			buildSettings = {
				CODE_SIGN_ENTITLEMENTS = "iOS/SampleSwiftUI-iOS.entitlements";
				CODE_SIGN_STYLE = Automatic;
				CURRENT_PROJECT_VERSION = 1;
				DEVELOPMENT_TEAM = VGG743YS65;
				GENERATE_INFOPLIST_FILE = YES;
				INFOPLIST_KEY_CFBundleDisplayName = SampleSwiftUI;
				INFOPLIST_KEY_NSCameraUsageDescription = "Camera access is required for Help Lightning video calls.";
				INFOPLIST_KEY_NSMicrophoneUsageDescription = "Microphone access is required for Help Lightning video calls.";
				INFOPLIST_KEY_UIApplicationSceneManifest_Generation = YES;
				IPHONEOS_DEPLOYMENT_TARGET = 17.0;
				LD_RUNPATH_SEARCH_PATHS = (
					"$(inherited)",
					"@executable_path/Frameworks",
				);
				MARKETING_VERSION = 1.0;
				PRODUCT_BUNDLE_IDENTIFIER = com.helplightning.sdk.sample.PresenceSwiftUI;
				PRODUCT_NAME = "$(TARGET_NAME)";
				SDKROOT = iphoneos;
				SUPPORTED_PLATFORMS = "iphoneos iphonesimulator";
				SWIFT_EMIT_LOC_STRINGS = YES;
				SWIFT_VERSION = 6.0;
				TARGETED_DEVICE_FAMILY = "1,2";
			};
			name = Debug;
		};
		FCDF87264ACC47189728352A /* Release */ = {
			isa = XCBuildConfiguration;
			buildSettings = {
				CODE_SIGN_ENTITLEMENTS = "visionOS/SampleSwiftUI-visionOS.entitlements";
				CODE_SIGN_STYLE = Automatic;
				CURRENT_PROJECT_VERSION = 1;
				DEVELOPMENT_TEAM = VGG743YS65;
				GENERATE_INFOPLIST_FILE = YES;
				INFOPLIST_KEY_CFBundleDisplayName = SampleSwiftUI;
				INFOPLIST_KEY_NSCameraUsageDescription = "Camera access is required for Help Lightning video calls.";
				INFOPLIST_KEY_NSMicrophoneUsageDescription = "Microphone access is required for Help Lightning video calls.";
				LD_RUNPATH_SEARCH_PATHS = (
					"$(inherited)",
					"@executable_path/Frameworks",
				);
				MARKETING_VERSION = 1.0;
				PRODUCT_BUNDLE_IDENTIFIER = com.helplightning.sdk.sample.PresenceSwiftUI;
				PRODUCT_NAME = "$(TARGET_NAME)";
				SDKROOT = xros;
				SUPPORTED_PLATFORMS = "xros xrsimulator";
				SWIFT_EMIT_LOC_STRINGS = YES;
				SWIFT_VERSION = 6.0;
				TARGETED_DEVICE_FAMILY = 7;
				XROS_DEPLOYMENT_TARGET = 2.0;
			};
			name = Release;
		};
/* End XCBuildConfiguration section */

/* Begin XCConfigurationList section */
		1A69BE8A368048289E67A502 /* Build configuration list for PBXProject "SampleSwiftUI" */ = {
			isa = XCConfigurationList;
			buildConfigurations = (
				14D81BC2D32F464D9EACFA6B /* Debug */,
				0436E3B1A0BC49D9B6343333 /* Release */,
			);
			defaultConfigurationIsVisible = 0;
			defaultConfigurationName = Release;
		};
		3C1402A0BD8440CBA5868C14 /* Build configuration list for PBXNativeTarget "SampleSwiftUI-iOS" */ = {
			isa = XCConfigurationList;
			buildConfigurations = (
				E2BB3200EC904B89BAD0BA6A /* Debug */,
				C9AC7EFF3A1542DFAF893CBA /* Release */,
			);
			defaultConfigurationIsVisible = 0;
			defaultConfigurationName = Release;
		};
		727A0F2E047B46209D214885 /* Build configuration list for PBXNativeTarget "SampleSwiftUI-visionOS" */ = {
			isa = XCConfigurationList;
			buildConfigurations = (
				637EB9B99B7F4D73AE660ACF /* Debug */,
				FCDF87264ACC47189728352A /* Release */,
			);
			defaultConfigurationIsVisible = 0;
			defaultConfigurationName = Release;
		};
		BA53DD2FEFCC4AC7A152CBD1 /* Build configuration list for PBXNativeTarget "ScreenSharingExtension-iOS" */ = {
			isa = XCConfigurationList;
			buildConfigurations = (
				4D871B96187548538B6DDA81 /* Debug */,
				9D152BB2D35843FEAF091C44 /* Release */,
			);
			defaultConfigurationIsVisible = 0;
			defaultConfigurationName = Release;
		};
		D2D036CDF2554BF1BD6D3111 /* Build configuration list for PBXNativeTarget "ScreenSharingExtension-visionOS" */ = {
			isa = XCConfigurationList;
			buildConfigurations = (
				C01510EDD9974EE8B48DDF26 /* Debug */,
				7DB76F716A1D430DBD30B7EB /* Release */,
			);
			defaultConfigurationIsVisible = 0;
			defaultConfigurationName = Release;
		};
/* End XCConfigurationList section */

/* Begin XCLocalSwiftPackageReference section */
		3FA1CEC5E1AB4632B7FC3D9A /* XCLocalSwiftPackageReference "../../../VisionPro/vp_work/VisionProApp/HLSDK/Release/binary-spm/rendered-local/HLSDK" */ = {
			isa = XCLocalSwiftPackageReference;
			relativePath = "../../../VisionPro/vp_work/VisionProApp/HLSDK/Release/binary-spm/rendered-local/HLSDK";
		};
/* End XCLocalSwiftPackageReference section */

/* Begin XCSwiftPackageProductDependency section */
		186429B4067341A9B04B1120 /* HLSDK */ = {
			isa = XCSwiftPackageProductDependency;
			package = 3FA1CEC5E1AB4632B7FC3D9A /* XCLocalSwiftPackageReference "../../../VisionPro/vp_work/VisionProApp/HLSDK/Release/binary-spm/rendered-local/HLSDK" */;
			productName = HLSDK;
		};
		744DFCADD20342D78C3B74D4 /* HLSDK */ = {
			isa = XCSwiftPackageProductDependency;
			package = 3FA1CEC5E1AB4632B7FC3D9A /* XCLocalSwiftPackageReference "../../../VisionPro/vp_work/VisionProApp/HLSDK/Release/binary-spm/rendered-local/HLSDK" */;
			productName = HLSDK;
		};
		E8356BE7E44042C8A4CE8DAF /* HLSDKScreenSharing */ = {
			isa = XCSwiftPackageProductDependency;
			package = 3FA1CEC5E1AB4632B7FC3D9A /* XCLocalSwiftPackageReference "../../../VisionPro/vp_work/VisionProApp/HLSDK/Release/binary-spm/rendered-local/HLSDK" */;
			productName = HLSDKScreenSharing;
		};
		F8FA7E84A82C4894AD697B38 /* HLSDKScreenSharing */ = {
			isa = XCSwiftPackageProductDependency;
			package = 3FA1CEC5E1AB4632B7FC3D9A /* XCLocalSwiftPackageReference "../../../VisionPro/vp_work/VisionProApp/HLSDK/Release/binary-spm/rendered-local/HLSDK" */;
			productName = HLSDKScreenSharing;
		};
/* End XCSwiftPackageProductDependency section */
	};
	rootObject = 41E4D768B54E4ED5B9857AC9 /* Project object */;
}
