// !$*UTF8*$!
{
	archiveVersion = 1;
	classes = {
	};
	objectVersion = 60;
	objects = {

/* Begin PBXBuildFile section */
		21278F310D8740F89981C016 /* SampleHandler.swift in Sources */ = {isa = PBXBuildFile; fileRef = 3205180F25874BA3BF27BAC9 /* SampleHandler.swift */; };
		23D76B77B3024525BB9D643D /* SampleHandler.swift in Sources */ = {isa = PBXBuildFile; fileRef = 3205180F25874BA3BF27BAC9 /* SampleHandler.swift */; };
		242043223A8A427884B47B2B /* RootView.swift in Sources */ = {isa = PBXBuildFile; fileRef = 8782A94C2EF24D0EAA33F390 /* RootView.swift */; };
		298BBEACBBA3485BB176B95B /* DemoFlowModel.swift in Sources */ = {isa = PBXBuildFile; fileRef = F34D2315EF3A4F5BAE059CAD /* DemoFlowModel.swift */; };
		40C9C3CB3F284E2893BA77CC /* ScreenSharingExtension-visionOS.appex in Embed Foundation Extensions */ = {isa = PBXBuildFile; fileRef = B7C0E06F84CF4C79948FA359 /* ScreenSharingExtension-visionOS.appex */; settings = {ATTRIBUTES = (RemoveHeadersOnCopy, ); }; };
		45FDB7709D4E471598BB92E7 /* FBLPromiseAsync.swift in Sources */ = {isa = PBXBuildFile; fileRef = F27E8BC39BA4409CBA6A3750 /* FBLPromiseAsync.swift */; };
		7FF4A38BB8584F28AFF48EC9 /* AuthView.swift in Sources */ = {isa = PBXBuildFile; fileRef = 270211BC555944B7A5451EE5 /* AuthView.swift */; };
		88BCCC9AD7CF48CC93F343A4 /* DemoSessionState.swift in Sources */ = {isa = PBXBuildFile; fileRef = 8159D3084338476AB9657B5B /* DemoSessionState.swift */; };
		9A1C7BBDB8D64719BB7F8B24 /* ScreenSharingExtension-iOS.appex in Embed Foundation Extensions */ = {isa = PBXBuildFile; fileRef = CF3286069BD94BEDBD5D1487 /* ScreenSharingExtension-iOS.appex */; settings = {ATTRIBUTES = (RemoveHeadersOnCopy, ); }; };
		A778CC54839A4782A781594B /* SetupView.swift in Sources */ = {isa = PBXBuildFile; fileRef = 5805B8EC70F549349F4951E0 /* SetupView.swift */; };
		C7C7114E2FFBB4D300E079C0 /* HLSDKSwift in Frameworks */ = {isa = PBXBuildFile; productRef = 660D331111024919A6F27B09 /* HLSDKSwift */; };
		C7C7114F2FFBB4D300E079C0 /* CocoaLumberjackSwift in Frameworks */ = {isa = PBXBuildFile; productRef = 9E4A5ED7211C49F48C5A59AA /* CocoaLumberjackSwift */; };
		C7C711502FFBB4D300E079C0 /* HLSDKScreenSharing in Frameworks */ = {isa = PBXBuildFile; productRef = 45463981BB8544319253554A /* HLSDKScreenSharing */; };
		C7C711512FFBB4D300E079C0 /* DemoLogging.swift in Sources */ = {isa = PBXBuildFile; fileRef = C3015AF8B3814259B4CDFC1F /* DemoLogging.swift */; };
		C7C711522FFBB4D300E079C0 /* SampleSwiftUIApp.swift in Sources */ = {isa = PBXBuildFile; fileRef = C51B44B41A274EA995E37DD3 /* SampleSwiftUIApp.swift */; };
		C7C711532FFBB4D300E079C0 /* RootView.swift in Sources */ = {isa = PBXBuildFile; fileRef = 8782A94C2EF24D0EAA33F390 /* RootView.swift */; };
		C7C711542FFBB4D300E079C0 /* AuthView.swift in Sources */ = {isa = PBXBuildFile; fileRef = 270211BC555944B7A5451EE5 /* AuthView.swift */; };
		C7C711552FFBB4D300E079C0 /* SetupView.swift in Sources */ = {isa = PBXBuildFile; fileRef = 5805B8EC70F549349F4951E0 /* SetupView.swift */; };
		C7C711562FFBB4D300E079C0 /* JoinView.swift in Sources */ = {isa = PBXBuildFile; fileRef = 88DCDCFBC0B0416BADAF65EC /* JoinView.swift */; };
		C7C711572FFBB4D300E079C0 /* DemoConfiguration.swift in Sources */ = {isa = PBXBuildFile; fileRef = 2A958505790B4A60BAB8B606 /* DemoConfiguration.swift */; };
		C7C711582FFBB4D300E079C0 /* DemoSessionState.swift in Sources */ = {isa = PBXBuildFile; fileRef = 8159D3084338476AB9657B5B /* DemoSessionState.swift */; };
		C7C711592FFBB4D300E079C0 /* DemoFlowModel.swift in Sources */ = {isa = PBXBuildFile; fileRef = F34D2315EF3A4F5BAE059CAD /* DemoFlowModel.swift */; };
		C7C7115A2FFBB4D300E079C0 /* DemoCallCoordinator.swift in Sources */ = {isa = PBXBuildFile; fileRef = 67E3F5397B9E4423B2A06074 /* DemoCallCoordinator.swift */; };
		C7C7115B2FFBB4D300E079C0 /* HLServerClient.swift in Sources */ = {isa = PBXBuildFile; fileRef = 8C0DF60260E6416BA0CCDB84 /* HLServerClient.swift */; };
		C7C7115C2FFBB4D300E079C0 /* FBLPromiseAsync.swift in Sources */ = {isa = PBXBuildFile; fileRef = F27E8BC39BA4409CBA6A3750 /* FBLPromiseAsync.swift */; };
		C7C7115D2FFBB4D300E079C0 /* HLSDKSwift in Frameworks */ = {isa = PBXBuildFile; productRef = F54B1E93B3B347A08574CA4C /* HLSDKSwift */; };
		C7C7115E2FFBB4D300E079C0 /* CocoaLumberjackSwift in Frameworks */ = {isa = PBXBuildFile; productRef = D712ECAB6F024AE4AC5B0FED /* CocoaLumberjackSwift */; };
		C7C7115F2FFBB4D300E079C0 /* HLSDKScreenSharing in Frameworks */ = {isa = PBXBuildFile; productRef = 44B3A5E5272F4EDA889891E8 /* HLSDKScreenSharing */; };
		CF3CB4E80A1240A3BC35CBCA /* DemoConfiguration.swift in Sources */ = {isa = PBXBuildFile; fileRef = 2A958505790B4A60BAB8B606 /* DemoConfiguration.swift */; };
		D6E2DA92921E4ADF8BC74D16 /* DemoLogging.swift in Sources */ = {isa = PBXBuildFile; fileRef = C3015AF8B3814259B4CDFC1F /* DemoLogging.swift */; };
		DC2EC4E840784F339363B162 /* SampleSwiftUIApp.swift in Sources */ = {isa = PBXBuildFile; fileRef = C51B44B41A274EA995E37DD3 /* SampleSwiftUIApp.swift */; };
		E8ECE1C439D64B32B95CADF3 /* JoinView.swift in Sources */ = {isa = PBXBuildFile; fileRef = 88DCDCFBC0B0416BADAF65EC /* JoinView.swift */; };
		F488C80399894BE9AE059309 /* HLServerClient.swift in Sources */ = {isa = PBXBuildFile; fileRef = 8C0DF60260E6416BA0CCDB84 /* HLServerClient.swift */; };
		F4D046D4568F40138E973548 /* DemoCallCoordinator.swift in Sources */ = {isa = PBXBuildFile; fileRef = 67E3F5397B9E4423B2A06074 /* DemoCallCoordinator.swift */; };
/* End PBXBuildFile section */

/* Begin PBXContainerItemProxy section */
		90492B6EB3DD4037BB6D4254 /* PBXContainerItemProxy */ = {
			isa = PBXContainerItemProxy;
			containerPortal = 5DEF0DB590954DB0A5CA9E96 /* Project object */;
			proxyType = 1;
			remoteGlobalIDString = 80E3CF269C8F4EBE8BE2C04E;
			remoteInfo = "ScreenSharingExtension-iOS";
		};
		C816D0A5289F415DBFC97E25 /* PBXContainerItemProxy */ = {
			isa = PBXContainerItemProxy;
			containerPortal = 5DEF0DB590954DB0A5CA9E96 /* Project object */;
			proxyType = 1;
			remoteGlobalIDString = 4160A7547BA14839B1DA3D34;
			remoteInfo = "ScreenSharingExtension-visionOS";
		};
/* End PBXContainerItemProxy section */

/* Begin PBXCopyFilesBuildPhase section */
		0A603BC57FF9408A984F6409 /* Embed Foundation Extensions */ = {
			isa = PBXCopyFilesBuildPhase;
			buildActionMask = 2147483647;
			dstPath = "";
			dstSubfolderSpec = 13;
			files = (
				40C9C3CB3F284E2893BA77CC /* ScreenSharingExtension-visionOS.appex in Embed Foundation Extensions */,
			);
			name = "Embed Foundation Extensions";
			runOnlyForDeploymentPostprocessing = 0;
		};
		6FC0B30A619E4FF08E479CFF /* Embed Foundation Extensions */ = {
			isa = PBXCopyFilesBuildPhase;
			buildActionMask = 2147483647;
			dstPath = "";
			dstSubfolderSpec = 13;
			files = (
				9A1C7BBDB8D64719BB7F8B24 /* ScreenSharingExtension-iOS.appex in Embed Foundation Extensions */,
			);
			name = "Embed Foundation Extensions";
			runOnlyForDeploymentPostprocessing = 0;
		};
/* End PBXCopyFilesBuildPhase section */

/* Begin PBXFileReference section */
		128D52102A01462B97A85C2E /* SampleSwiftUI-visionOS.app */ = {isa = PBXFileReference; explicitFileType = wrapper.application; includeInIndex = 0; path = "SampleSwiftUI-visionOS.app"; sourceTree = BUILT_PRODUCTS_DIR; };
		270211BC555944B7A5451EE5 /* AuthView.swift */ = {isa = PBXFileReference; lastKnownFileType = sourcecode.swift; path = AuthView.swift; sourceTree = "<group>"; };
		2A958505790B4A60BAB8B606 /* DemoConfiguration.swift */ = {isa = PBXFileReference; lastKnownFileType = sourcecode.swift; path = DemoConfiguration.swift; sourceTree = "<group>"; };
		3205180F25874BA3BF27BAC9 /* SampleHandler.swift */ = {isa = PBXFileReference; lastKnownFileType = sourcecode.swift; path = SampleHandler.swift; sourceTree = "<group>"; };
		3D0FA340A210450EAFD74A2B /* Info.plist */ = {isa = PBXFileReference; lastKnownFileType = text.plist.xml; path = Info.plist; sourceTree = "<group>"; };
		46CA213363574054A53F28F2 /* SampleSwiftUI-iOS.entitlements */ = {isa = PBXFileReference; lastKnownFileType = text.plist.entitlements; path = "SampleSwiftUI-iOS.entitlements"; sourceTree = "<group>"; };
		5805B8EC70F549349F4951E0 /* SetupView.swift */ = {isa = PBXFileReference; lastKnownFileType = sourcecode.swift; path = SetupView.swift; sourceTree = "<group>"; };
		67E3F5397B9E4423B2A06074 /* DemoCallCoordinator.swift */ = {isa = PBXFileReference; lastKnownFileType = sourcecode.swift; path = DemoCallCoordinator.swift; sourceTree = "<group>"; };
		79A4A8D18FDA47EB952CCA41 /* SampleSwiftUI-visionOS.entitlements */ = {isa = PBXFileReference; lastKnownFileType = text.plist.entitlements; path = "SampleSwiftUI-visionOS.entitlements"; sourceTree = "<group>"; };
		7EFBE5CF0980408390E6A1CA /* SampleSwiftUI-iOS.app */ = {isa = PBXFileReference; explicitFileType = wrapper.application; includeInIndex = 0; path = "SampleSwiftUI-iOS.app"; sourceTree = BUILT_PRODUCTS_DIR; };
		8159D3084338476AB9657B5B /* DemoSessionState.swift */ = {isa = PBXFileReference; lastKnownFileType = sourcecode.swift; path = DemoSessionState.swift; sourceTree = "<group>"; };
		8782A94C2EF24D0EAA33F390 /* RootView.swift */ = {isa = PBXFileReference; lastKnownFileType = sourcecode.swift; path = RootView.swift; sourceTree = "<group>"; };
		88DCDCFBC0B0416BADAF65EC /* JoinView.swift */ = {isa = PBXFileReference; lastKnownFileType = sourcecode.swift; path = JoinView.swift; sourceTree = "<group>"; };
		8C0DF60260E6416BA0CCDB84 /* HLServerClient.swift */ = {isa = PBXFileReference; lastKnownFileType = sourcecode.swift; path = HLServerClient.swift; sourceTree = "<group>"; };
		B7C0E06F84CF4C79948FA359 /* ScreenSharingExtension-visionOS.appex */ = {isa = PBXFileReference; explicitFileType = "wrapper.app-extension"; includeInIndex = 0; path = "ScreenSharingExtension-visionOS.appex"; sourceTree = BUILT_PRODUCTS_DIR; };
		C3015AF8B3814259B4CDFC1F /* DemoLogging.swift */ = {isa = PBXFileReference; lastKnownFileType = sourcecode.swift; path = DemoLogging.swift; sourceTree = "<group>"; };
		C51B44B41A274EA995E37DD3 /* SampleSwiftUIApp.swift */ = {isa = PBXFileReference; lastKnownFileType = sourcecode.swift; path = SampleSwiftUIApp.swift; sourceTree = "<group>"; };
		CF3286069BD94BEDBD5D1487 /* ScreenSharingExtension-iOS.appex */ = {isa = PBXFileReference; explicitFileType = "wrapper.app-extension"; includeInIndex = 0; path = "ScreenSharingExtension-iOS.appex"; sourceTree = BUILT_PRODUCTS_DIR; };
		E716DE7B629F4A9DA1341E02 /* ScreenSharingExtension.entitlements */ = {isa = PBXFileReference; lastKnownFileType = text.plist.entitlements; path = ScreenSharingExtension.entitlements; sourceTree = "<group>"; };
		F27E8BC39BA4409CBA6A3750 /* FBLPromiseAsync.swift */ = {isa = PBXFileReference; lastKnownFileType = sourcecode.swift; path = FBLPromiseAsync.swift; sourceTree = "<group>"; };
		F34D2315EF3A4F5BAE059CAD /* DemoFlowModel.swift */ = {isa = PBXFileReference; lastKnownFileType = sourcecode.swift; path = DemoFlowModel.swift; sourceTree = "<group>"; };
/* End PBXFileReference section */

/* Begin PBXFrameworksBuildPhase section */
		20C949414A7646D8B780922F /* Frameworks */ = {
			isa = PBXFrameworksBuildPhase;
			buildActionMask = 2147483647;
			files = (
				C7C7115F2FFBB4D300E079C0 /* HLSDKScreenSharing in Frameworks */,
			);
			runOnlyForDeploymentPostprocessing = 0;
		};
		88DD9DD09AE7452E9AA71F90 /* Frameworks */ = {
			isa = PBXFrameworksBuildPhase;
			buildActionMask = 2147483647;
			files = (
				C7C7114F2FFBB4D300E079C0 /* CocoaLumberjackSwift in Frameworks */,
				C7C7114E2FFBB4D300E079C0 /* HLSDKSwift in Frameworks */,
			);
			runOnlyForDeploymentPostprocessing = 0;
		};
		9528CE7A8F9F423CB3E05840 /* Frameworks */ = {
			isa = PBXFrameworksBuildPhase;
			buildActionMask = 2147483647;
			files = (
				C7C711502FFBB4D300E079C0 /* HLSDKScreenSharing in Frameworks */,
			);
			runOnlyForDeploymentPostprocessing = 0;
		};
		DFE3E1B8ECAC4A79A97E3E43 /* Frameworks */ = {
			isa = PBXFrameworksBuildPhase;
			buildActionMask = 2147483647;
			files = (
				C7C7115E2FFBB4D300E079C0 /* CocoaLumberjackSwift in Frameworks */,
				C7C7115D2FFBB4D300E079C0 /* HLSDKSwift in Frameworks */,
			);
			runOnlyForDeploymentPostprocessing = 0;
		};
/* End PBXFrameworksBuildPhase section */

/* Begin PBXGroup section */
		1EDF9E08992E433F9A6D3C68 /* visionOS */ = {
			isa = PBXGroup;
			children = (
				79A4A8D18FDA47EB952CCA41 /* SampleSwiftUI-visionOS.entitlements */,
			);
			path = visionOS;
			sourceTree = "<group>";
		};
		5436B13C0AAF4E1B932EB25F = {
			isa = PBXGroup;
			children = (
				8654C29B70224CA297B48BD8 /* Shared */,
				59FAC3F7F4F2465D80080F93 /* Extensions/ScreenSharingExtension */,
				6A2BE94BE547461EB33D081F /* iOS */,
				1EDF9E08992E433F9A6D3C68 /* visionOS */,
				A11C03DED1B2430C84F10676 /* Products */,
			);
			sourceTree = "<group>";
		};
		59FAC3F7F4F2465D80080F93 /* Extensions/ScreenSharingExtension */ = {
			isa = PBXGroup;
			children = (
				3205180F25874BA3BF27BAC9 /* SampleHandler.swift */,
				E716DE7B629F4A9DA1341E02 /* ScreenSharingExtension.entitlements */,
				3D0FA340A210450EAFD74A2B /* Info.plist */,
			);
			path = Extensions/ScreenSharingExtension;
			sourceTree = "<group>";
		};
		6A2BE94BE547461EB33D081F /* iOS */ = {
			isa = PBXGroup;
			children = (
				46CA213363574054A53F28F2 /* SampleSwiftUI-iOS.entitlements */,
			);
			path = iOS;
			sourceTree = "<group>";
		};
		8654C29B70224CA297B48BD8 /* Shared */ = {
			isa = PBXGroup;
			children = (
				C3015AF8B3814259B4CDFC1F /* DemoLogging.swift */,
				C51B44B41A274EA995E37DD3 /* SampleSwiftUIApp.swift */,
				8782A94C2EF24D0EAA33F390 /* RootView.swift */,
				270211BC555944B7A5451EE5 /* AuthView.swift */,
				5805B8EC70F549349F4951E0 /* SetupView.swift */,
				88DCDCFBC0B0416BADAF65EC /* JoinView.swift */,
				2A958505790B4A60BAB8B606 /* DemoConfiguration.swift */,
				8159D3084338476AB9657B5B /* DemoSessionState.swift */,
				F34D2315EF3A4F5BAE059CAD /* DemoFlowModel.swift */,
				67E3F5397B9E4423B2A06074 /* DemoCallCoordinator.swift */,
				8C0DF60260E6416BA0CCDB84 /* HLServerClient.swift */,
				F27E8BC39BA4409CBA6A3750 /* FBLPromiseAsync.swift */,
			);
			path = Shared;
			sourceTree = "<group>";
		};
		A11C03DED1B2430C84F10676 /* Products */ = {
			isa = PBXGroup;
			children = (
				7EFBE5CF0980408390E6A1CA /* SampleSwiftUI-iOS.app */,
				128D52102A01462B97A85C2E /* SampleSwiftUI-visionOS.app */,
				CF3286069BD94BEDBD5D1487 /* ScreenSharingExtension-iOS.appex */,
				B7C0E06F84CF4C79948FA359 /* ScreenSharingExtension-visionOS.appex */,
			);
			name = Products;
			sourceTree = "<group>";
		};
/* End PBXGroup section */

/* Begin PBXNativeTarget section */
		11510E52A2A9459A826FC2EE /* SampleSwiftUI-visionOS */ = {
			isa = PBXNativeTarget;
			buildConfigurationList = 06EEA47AB390436BB4570E33 /* Build configuration list for PBXNativeTarget "SampleSwiftUI-visionOS" */;
			buildPhases = (
				58ED00B19E7B4A6082064B07 /* Sources */,
				DFE3E1B8ECAC4A79A97E3E43 /* Frameworks */,
				0A603BC57FF9408A984F6409 /* Embed Foundation Extensions */,
			);
			buildRules = (
			);
			dependencies = (
				B66A15E1E75E4D61ACFDEC1F /* PBXTargetDependency */,
			);
			name = "SampleSwiftUI-visionOS";
			packageProductDependencies = (
				F54B1E93B3B347A08574CA4C /* HLSDKSwift */,
				D712ECAB6F024AE4AC5B0FED /* CocoaLumberjackSwift */,
			);
			productName = "SampleSwiftUI-visionOS";
			productReference = 128D52102A01462B97A85C2E /* SampleSwiftUI-visionOS.app */;
			productType = "com.apple.product-type.application";
		};
		4160A7547BA14839B1DA3D34 /* ScreenSharingExtension-visionOS */ = {
			isa = PBXNativeTarget;
			buildConfigurationList = 8EF97B3B3ADD4457A101EBF9 /* Build configuration list for PBXNativeTarget "ScreenSharingExtension-visionOS" */;
			buildPhases = (
				2AFC12C2A8F145D4BE8F3F4A /* Sources */,
				20C949414A7646D8B780922F /* Frameworks */,
			);
			buildRules = (
			);
			dependencies = (
			);
			name = "ScreenSharingExtension-visionOS";
			packageProductDependencies = (
				44B3A5E5272F4EDA889891E8 /* HLSDKScreenSharing */,
			);
			productName = "ScreenSharingExtension-visionOS";
			productReference = B7C0E06F84CF4C79948FA359 /* ScreenSharingExtension-visionOS.appex */;
			productType = "com.apple.product-type.app-extension";
		};
		7C140DB222404A1EBAA016EC /* SampleSwiftUI-iOS */ = {
			isa = PBXNativeTarget;
			buildConfigurationList = 149FC1F52EA0497CBF7C90C9 /* Build configuration list for PBXNativeTarget "SampleSwiftUI-iOS" */;
			buildPhases = (
				77AAFC4346CC4318B49BA7C7 /* Sources */,
				88DD9DD09AE7452E9AA71F90 /* Frameworks */,
				6FC0B30A619E4FF08E479CFF /* Embed Foundation Extensions */,
			);
			buildRules = (
			);
			dependencies = (
				193EE98B64454F489A563779 /* PBXTargetDependency */,
			);
			name = "SampleSwiftUI-iOS";
			packageProductDependencies = (
				660D331111024919A6F27B09 /* HLSDKSwift */,
				9E4A5ED7211C49F48C5A59AA /* CocoaLumberjackSwift */,
			);
			productName = "SampleSwiftUI-iOS";
			productReference = 7EFBE5CF0980408390E6A1CA /* SampleSwiftUI-iOS.app */;
			productType = "com.apple.product-type.application";
		};
		80E3CF269C8F4EBE8BE2C04E /* ScreenSharingExtension-iOS */ = {
			isa = PBXNativeTarget;
			buildConfigurationList = 9F22A788F5EE473A8F11282B /* Build configuration list for PBXNativeTarget "ScreenSharingExtension-iOS" */;
			buildPhases = (
				313C8EFDA81441F89A781403 /* Sources */,
				9528CE7A8F9F423CB3E05840 /* Frameworks */,
			);
			buildRules = (
			);
			dependencies = (
			);
			name = "ScreenSharingExtension-iOS";
			packageProductDependencies = (
				45463981BB8544319253554A /* HLSDKScreenSharing */,
			);
			productName = "ScreenSharingExtension-iOS";
			productReference = CF3286069BD94BEDBD5D1487 /* ScreenSharingExtension-iOS.appex */;
			productType = "com.apple.product-type.app-extension";
		};
/* End PBXNativeTarget section */

/* Begin PBXProject section */
		5DEF0DB590954DB0A5CA9E96 /* Project object */ = {
			isa = PBXProject;
			attributes = {
				BuildIndependentTargetsInParallel = 1;
				LastSwiftUpdateCheck = 2600;
				LastUpgradeCheck = 2600;
			};
			buildConfigurationList = EDD6AE3F6D9E4D14BB7A9590 /* Build configuration list for PBXProject "SampleSwiftUI" */;
			compatibilityVersion = "Xcode 15.0";
			developmentRegion = en;
			hasScannedForEncodings = 0;
			knownRegions = (
				en,
				Base,
			);
			mainGroup = 5436B13C0AAF4E1B932EB25F;
			packageReferences = (
				81EC40198F2148F690C72431 /* XCLocalSwiftPackageReference "../../../VisionPro/vp_work/VisionProApp/HLSDK/Release/binary-spm/rendered-local/HLSDK" */,
				11ACA4F5042042BEA88791DC /* XCRemoteSwiftPackageReference "CocoaLumberjack" */,
			);
			productRefGroup = A11C03DED1B2430C84F10676 /* Products */;
			projectDirPath = "";
			projectRoot = "";
			targets = (
				7C140DB222404A1EBAA016EC /* SampleSwiftUI-iOS */,
				11510E52A2A9459A826FC2EE /* SampleSwiftUI-visionOS */,
				80E3CF269C8F4EBE8BE2C04E /* ScreenSharingExtension-iOS */,
				4160A7547BA14839B1DA3D34 /* ScreenSharingExtension-visionOS */,
			);
		};
/* End PBXProject section */

/* Begin PBXSourcesBuildPhase section */
		2AFC12C2A8F145D4BE8F3F4A /* Sources */ = {
			isa = PBXSourcesBuildPhase;
			buildActionMask = 2147483647;
			files = (
				21278F310D8740F89981C016 /* SampleHandler.swift in Sources */,
			);
			runOnlyForDeploymentPostprocessing = 0;
		};
		313C8EFDA81441F89A781403 /* Sources */ = {
			isa = PBXSourcesBuildPhase;
			buildActionMask = 2147483647;
			files = (
				23D76B77B3024525BB9D643D /* SampleHandler.swift in Sources */,
			);
			runOnlyForDeploymentPostprocessing = 0;
		};
		58ED00B19E7B4A6082064B07 /* Sources */ = {
			isa = PBXSourcesBuildPhase;
			buildActionMask = 2147483647;
			files = (
				C7C711512FFBB4D300E079C0 /* DemoLogging.swift in Sources */,
				C7C711522FFBB4D300E079C0 /* SampleSwiftUIApp.swift in Sources */,
				C7C711532FFBB4D300E079C0 /* RootView.swift in Sources */,
				C7C711542FFBB4D300E079C0 /* AuthView.swift in Sources */,
				C7C711552FFBB4D300E079C0 /* SetupView.swift in Sources */,
				C7C711562FFBB4D300E079C0 /* JoinView.swift in Sources */,
				C7C711572FFBB4D300E079C0 /* DemoConfiguration.swift in Sources */,
				C7C711582FFBB4D300E079C0 /* DemoSessionState.swift in Sources */,
				C7C711592FFBB4D300E079C0 /* DemoFlowModel.swift in Sources */,
				C7C7115A2FFBB4D300E079C0 /* DemoCallCoordinator.swift in Sources */,
				C7C7115B2FFBB4D300E079C0 /* HLServerClient.swift in Sources */,
				C7C7115C2FFBB4D300E079C0 /* FBLPromiseAsync.swift in Sources */,
			);
			runOnlyForDeploymentPostprocessing = 0;
		};
		77AAFC4346CC4318B49BA7C7 /* Sources */ = {
			isa = PBXSourcesBuildPhase;
			buildActionMask = 2147483647;
			files = (
				D6E2DA92921E4ADF8BC74D16 /* DemoLogging.swift in Sources */,
				DC2EC4E840784F339363B162 /* SampleSwiftUIApp.swift in Sources */,
				242043223A8A427884B47B2B /* RootView.swift in Sources */,
				7FF4A38BB8584F28AFF48EC9 /* AuthView.swift in Sources */,
				A778CC54839A4782A781594B /* SetupView.swift in Sources */,
				E8ECE1C439D64B32B95CADF3 /* JoinView.swift in Sources */,
				CF3CB4E80A1240A3BC35CBCA /* DemoConfiguration.swift in Sources */,
				88BCCC9AD7CF48CC93F343A4 /* DemoSessionState.swift in Sources */,
				298BBEACBBA3485BB176B95B /* DemoFlowModel.swift in Sources */,
				F4D046D4568F40138E973548 /* DemoCallCoordinator.swift in Sources */,
				F488C80399894BE9AE059309 /* HLServerClient.swift in Sources */,
				45FDB7709D4E471598BB92E7 /* FBLPromiseAsync.swift in Sources */,
			);
			runOnlyForDeploymentPostprocessing = 0;
		};
/* End PBXSourcesBuildPhase section */

/* Begin PBXTargetDependency section */
		193EE98B64454F489A563779 /* PBXTargetDependency */ = {
			isa = PBXTargetDependency;
			target = 80E3CF269C8F4EBE8BE2C04E /* ScreenSharingExtension-iOS */;
			targetProxy = 90492B6EB3DD4037BB6D4254 /* PBXContainerItemProxy */;
		};
		B66A15E1E75E4D61ACFDEC1F /* PBXTargetDependency */ = {
			isa = PBXTargetDependency;
			target = 4160A7547BA14839B1DA3D34 /* ScreenSharingExtension-visionOS */;
			targetProxy = C816D0A5289F415DBFC97E25 /* PBXContainerItemProxy */;
		};
/* End PBXTargetDependency section */

/* Begin XCBuildConfiguration section */
		08451AD109534AA0998022D4 /* Debug */ = {
			isa = XCBuildConfiguration;
			buildSettings = {
				CODE_SIGN_ENTITLEMENTS = "visionOS/SampleSwiftUI-visionOS.entitlements";
				CODE_SIGN_STYLE = Automatic;
				CURRENT_PROJECT_VERSION = 1;
				DEVELOPMENT_TEAM = VGG743YS65;
				GENERATE_INFOPLIST_FILE = YES;
				INFOPLIST_KEY_CFBundleDisplayName = SampleSwiftUI;
				INFOPLIST_KEY_NSCameraUsageDescription = "Camera access is required for Help Lightning video calls.";
				INFOPLIST_KEY_NSMicrophoneUsageDescription = "Microphone access is required for Help Lightning video calls.";
				LD_RUNPATH_SEARCH_PATHS = (
					"$(inherited)",
					"@executable_path/Frameworks",
				);
				MARKETING_VERSION = 1.0;
				PRODUCT_BUNDLE_IDENTIFIER = com.helplightning.sdk.sample.PresenceSwiftUI;
				PRODUCT_NAME = "$(TARGET_NAME)";
				SDKROOT = xros;
				SUPPORTED_PLATFORMS = "xros xrsimulator";
				SWIFT_EMIT_LOC_STRINGS = YES;
				SWIFT_OBJC_BRIDGING_HEADER = "Shared/SampleSwiftUI-Bridging-Header.h";
				SWIFT_VERSION = 6.0;
				TARGETED_DEVICE_FAMILY = 7;
				XROS_DEPLOYMENT_TARGET = 2.0;
			};
			name = Debug;
		};
		120D31463F994488B71FA27B /* Debug */ = {
			isa = XCBuildConfiguration;
			buildSettings = {
				ALWAYS_SEARCH_USER_PATHS = NO;
				CLANG_ENABLE_MODULES = YES;
				COPY_PHASE_STRIP = NO;
				DEBUG_INFORMATION_FORMAT = dwarf;
				ENABLE_USER_SCRIPT_SANDBOXING = YES;
				GCC_DYNAMIC_NO_PIC = NO;
				GCC_OPTIMIZATION_LEVEL = 0;
				ONLY_ACTIVE_ARCH = YES;
				SDKROOT = iphoneos;
				SWIFT_ACTIVE_COMPILATION_CONDITIONS = DEBUG;
				SWIFT_OPTIMIZATION_LEVEL = "-Onone";
			};
			name = Debug;
		};
		12639F93B65245548A3543BD /* Debug */ = {
			isa = XCBuildConfiguration;
			buildSettings = {
				CODE_SIGN_ENTITLEMENTS = Extensions/ScreenSharingExtension/ScreenSharingExtension.entitlements;
				CODE_SIGN_STYLE = Automatic;
				CURRENT_PROJECT_VERSION = 1;
				DEVELOPMENT_TEAM = VGG743YS65;
				GENERATE_INFOPLIST_FILE = NO;
				INFOPLIST_FILE = Extensions/ScreenSharingExtension/Info.plist;
				IPHONEOS_DEPLOYMENT_TARGET = 17.0;
				LD_RUNPATH_SEARCH_PATHS = (
					"$(inherited)",
					"@executable_path/Frameworks",
					"@executable_path/../../Frameworks",
				);
				MARKETING_VERSION = 1.0;
				PRODUCT_BUNDLE_IDENTIFIER = com.helplightning.sdk.sample.PresenceSwiftUI.ScreenSharingExtension;
				PRODUCT_NAME = "$(TARGET_NAME)";
				SDKROOT = iphoneos;
				SKIP_INSTALL = YES;
				SUPPORTED_PLATFORMS = "iphoneos iphonesimulator";
				SWIFT_VERSION = 6.0;
			};
			name = Debug;
		};
		2E41DE5A7C0A4C0784905C41 /* Release */ = {
			isa = XCBuildConfiguration;
			buildSettings = {
				CODE_SIGN_ENTITLEMENTS = "iOS/SampleSwiftUI-iOS.entitlements";
				CODE_SIGN_STYLE = Automatic;
				CURRENT_PROJECT_VERSION = 1;
				DEVELOPMENT_TEAM = VGG743YS65;
				GENERATE_INFOPLIST_FILE = YES;
				INFOPLIST_KEY_CFBundleDisplayName = SampleSwiftUI;
				INFOPLIST_KEY_NSCameraUsageDescription = "Camera access is required for Help Lightning video calls.";
				INFOPLIST_KEY_NSMicrophoneUsageDescription = "Microphone access is required for Help Lightning video calls.";
				INFOPLIST_KEY_UIApplicationSceneManifest_Generation = YES;
				IPHONEOS_DEPLOYMENT_TARGET = 17.0;
				LD_RUNPATH_SEARCH_PATHS = (
					"$(inherited)",
					"@executable_path/Frameworks",
				);
				MARKETING_VERSION = 1.0;
				PRODUCT_BUNDLE_IDENTIFIER = com.helplightning.sdk.sample.PresenceSwiftUI;
				PRODUCT_NAME = "$(TARGET_NAME)";
				SDKROOT = iphoneos;
				SUPPORTED_PLATFORMS = "iphoneos iphonesimulator";
				SWIFT_EMIT_LOC_STRINGS = YES;
				SWIFT_OBJC_BRIDGING_HEADER = "Shared/SampleSwiftUI-Bridging-Header.h";
				SWIFT_VERSION = 6.0;
				TARGETED_DEVICE_FAMILY = "1,2";
			};
			name = Release;
		};
		65707ED223DF4F5CBB36CB7E /* Release */ = {
			isa = XCBuildConfiguration;
			buildSettings = {
				CODE_SIGN_ENTITLEMENTS = "visionOS/SampleSwiftUI-visionOS.entitlements";
				CODE_SIGN_STYLE = Automatic;
				CURRENT_PROJECT_VERSION = 1;
				DEVELOPMENT_TEAM = VGG743YS65;
				GENERATE_INFOPLIST_FILE = YES;
				INFOPLIST_KEY_CFBundleDisplayName = SampleSwiftUI;
				INFOPLIST_KEY_NSCameraUsageDescription = "Camera access is required for Help Lightning video calls.";
				INFOPLIST_KEY_NSMicrophoneUsageDescription = "Microphone access is required for Help Lightning video calls.";
				LD_RUNPATH_SEARCH_PATHS = (
					"$(inherited)",
					"@executable_path/Frameworks",
				);
				MARKETING_VERSION = 1.0;
				PRODUCT_BUNDLE_IDENTIFIER = com.helplightning.sdk.sample.PresenceSwiftUI;
				PRODUCT_NAME = "$(TARGET_NAME)";
				SDKROOT = xros;
				SUPPORTED_PLATFORMS = "xros xrsimulator";
				SWIFT_EMIT_LOC_STRINGS = YES;
				SWIFT_OBJC_BRIDGING_HEADER = "Shared/SampleSwiftUI-Bridging-Header.h";
				SWIFT_VERSION = 6.0;
				TARGETED_DEVICE_FAMILY = 7;
				XROS_DEPLOYMENT_TARGET = 2.0;
			};
			name = Release;
		};
		6841922E8BA24C3FBB9DD48F /* Debug */ = {
			isa = XCBuildConfiguration;
			buildSettings = {
				CODE_SIGN_ENTITLEMENTS = "iOS/SampleSwiftUI-iOS.entitlements";
				CODE_SIGN_STYLE = Automatic;
				CURRENT_PROJECT_VERSION = 1;
				DEVELOPMENT_TEAM = VGG743YS65;
				GENERATE_INFOPLIST_FILE = YES;
				INFOPLIST_KEY_CFBundleDisplayName = SampleSwiftUI;
				INFOPLIST_KEY_NSCameraUsageDescription = "Camera access is required for Help Lightning video calls.";
				INFOPLIST_KEY_NSMicrophoneUsageDescription = "Microphone access is required for Help Lightning video calls.";
				INFOPLIST_KEY_UIApplicationSceneManifest_Generation = YES;
				IPHONEOS_DEPLOYMENT_TARGET = 17.0;
				LD_RUNPATH_SEARCH_PATHS = (
					"$(inherited)",
					"@executable_path/Frameworks",
				);
				MARKETING_VERSION = 1.0;
				PRODUCT_BUNDLE_IDENTIFIER = com.helplightning.sdk.sample.PresenceSwiftUI;
				PRODUCT_NAME = "$(TARGET_NAME)";
				SDKROOT = iphoneos;
				SUPPORTED_PLATFORMS = "iphoneos iphonesimulator";
				SWIFT_EMIT_LOC_STRINGS = YES;
				SWIFT_OBJC_BRIDGING_HEADER = "Shared/SampleSwiftUI-Bridging-Header.h";
				SWIFT_VERSION = 6.0;
				TARGETED_DEVICE_FAMILY = "1,2";
			};
			name = Debug;
		};
		745D88C8C30547C7AFF1FD4A /* Release */ = {
			isa = XCBuildConfiguration;
			buildSettings = {
				CODE_SIGN_ENTITLEMENTS = Extensions/ScreenSharingExtension/ScreenSharingExtension.entitlements;
				CODE_SIGN_STYLE = Automatic;
				CURRENT_PROJECT_VERSION = 1;
				DEVELOPMENT_TEAM = VGG743YS65;
				GENERATE_INFOPLIST_FILE = NO;
				INFOPLIST_FILE = Extensions/ScreenSharingExtension/Info.plist;
				IPHONEOS_DEPLOYMENT_TARGET = 17.0;
				LD_RUNPATH_SEARCH_PATHS = (
					"$(inherited)",
					"@executable_path/Frameworks",
					"@executable_path/../../Frameworks",
				);
				MARKETING_VERSION = 1.0;
				PRODUCT_BUNDLE_IDENTIFIER = com.helplightning.sdk.sample.PresenceSwiftUI.ScreenSharingExtension;
				PRODUCT_NAME = "$(TARGET_NAME)";
				SDKROOT = iphoneos;
				SKIP_INSTALL = YES;
				SUPPORTED_PLATFORMS = "iphoneos iphonesimulator";
				SWIFT_VERSION = 6.0;
			};
			name = Release;
		};
		92780A68537040168B1FBBBA /* Debug */ = {
			isa = XCBuildConfiguration;
			buildSettings = {
				CODE_SIGN_ENTITLEMENTS = Extensions/ScreenSharingExtension/ScreenSharingExtension.entitlements;
				CODE_SIGN_STYLE = Automatic;
				CURRENT_PROJECT_VERSION = 1;
				DEVELOPMENT_TEAM = VGG743YS65;
				GENERATE_INFOPLIST_FILE = NO;
				INFOPLIST_FILE = Extensions/ScreenSharingExtension/Info.plist;
				LD_RUNPATH_SEARCH_PATHS = (
					"$(inherited)",
					"@executable_path/Frameworks",
					"@executable_path/../../Frameworks",
				);
				MARKETING_VERSION = 1.0;
				PRODUCT_BUNDLE_IDENTIFIER = com.helplightning.sdk.sample.PresenceSwiftUI.ScreenSharingExtension;
				PRODUCT_NAME = "$(TARGET_NAME)";
				SDKROOT = xros;
				SKIP_INSTALL = YES;
				SUPPORTED_PLATFORMS = "xros xrsimulator";
				SWIFT_VERSION = 6.0;
				XROS_DEPLOYMENT_TARGET = 2.0;
			};
			name = Debug;
		};
		A88F62C9C4664DA6904F34C8 /* Release */ = {
			isa = XCBuildConfiguration;
			buildSettings = {
				CODE_SIGN_ENTITLEMENTS = Extensions/ScreenSharingExtension/ScreenSharingExtension.entitlements;
				CODE_SIGN_STYLE = Automatic;
				CURRENT_PROJECT_VERSION = 1;
				DEVELOPMENT_TEAM = VGG743YS65;
				GENERATE_INFOPLIST_FILE = NO;
				INFOPLIST_FILE = Extensions/ScreenSharingExtension/Info.plist;
				LD_RUNPATH_SEARCH_PATHS = (
					"$(inherited)",
					"@executable_path/Frameworks",
					"@executable_path/../../Frameworks",
				);
				MARKETING_VERSION = 1.0;
				PRODUCT_BUNDLE_IDENTIFIER = com.helplightning.sdk.sample.PresenceSwiftUI.ScreenSharingExtension;
				PRODUCT_NAME = "$(TARGET_NAME)";
				SDKROOT = xros;
				SKIP_INSTALL = YES;
				SUPPORTED_PLATFORMS = "xros xrsimulator";
				SWIFT_VERSION = 6.0;
				XROS_DEPLOYMENT_TARGET = 2.0;
			};
			name = Release;
		};
		EB4DDBBE0A2A461FB2C2C1A3 /* Release */ = {
			isa = XCBuildConfiguration;
			buildSettings = {
				ALWAYS_SEARCH_USER_PATHS = NO;
				CLANG_ENABLE_MODULES = YES;
				COPY_PHASE_STRIP = NO;
				DEBUG_INFORMATION_FORMAT = "dwarf-with-dsym";
				ENABLE_USER_SCRIPT_SANDBOXING = YES;
				SDKROOT = iphoneos;
				SWIFT_COMPILATION_MODE = wholemodule;
			};
			name = Release;
		};
/* End XCBuildConfiguration section */

/* Begin XCConfigurationList section */
		06EEA47AB390436BB4570E33 /* Build configuration list for PBXNativeTarget "SampleSwiftUI-visionOS" */ = {
			isa = XCConfigurationList;
			buildConfigurations = (
				08451AD109534AA0998022D4 /* Debug */,
				65707ED223DF4F5CBB36CB7E /* Release */,
			);
			defaultConfigurationIsVisible = 0;
			defaultConfigurationName = Release;
		};
		149FC1F52EA0497CBF7C90C9 /* Build configuration list for PBXNativeTarget "SampleSwiftUI-iOS" */ = {
			isa = XCConfigurationList;
			buildConfigurations = (
				6841922E8BA24C3FBB9DD48F /* Debug */,
				2E41DE5A7C0A4C0784905C41 /* Release */,
			);
			defaultConfigurationIsVisible = 0;
			defaultConfigurationName = Release;
		};
		8EF97B3B3ADD4457A101EBF9 /* Build configuration list for PBXNativeTarget "ScreenSharingExtension-visionOS" */ = {
			isa = XCConfigurationList;
			buildConfigurations = (
				92780A68537040168B1FBBBA /* Debug */,
				A88F62C9C4664DA6904F34C8 /* Release */,
			);
			defaultConfigurationIsVisible = 0;
			defaultConfigurationName = Release;
		};
		9F22A788F5EE473A8F11282B /* Build configuration list for PBXNativeTarget "ScreenSharingExtension-iOS" */ = {
			isa = XCConfigurationList;
			buildConfigurations = (
				12639F93B65245548A3543BD /* Debug */,
				745D88C8C30547C7AFF1FD4A /* Release */,
			);
			defaultConfigurationIsVisible = 0;
			defaultConfigurationName = Release;
		};
		EDD6AE3F6D9E4D14BB7A9590 /* Build configuration list for PBXProject "SampleSwiftUI" */ = {
			isa = XCConfigurationList;
			buildConfigurations = (
				120D31463F994488B71FA27B /* Debug */,
				EB4DDBBE0A2A461FB2C2C1A3 /* Release */,
			);
			defaultConfigurationIsVisible = 0;
			defaultConfigurationName = Release;
		};
/* End XCConfigurationList section */

/* Begin XCLocalSwiftPackageReference section */
		81EC40198F2148F690C72431 /* XCLocalSwiftPackageReference "../../../VisionPro/vp_work/VisionProApp/HLSDK/Release/binary-spm/rendered-local/HLSDK" */ = {
			isa = XCLocalSwiftPackageReference;
			relativePath = "../../../VisionPro/vp_work/VisionProApp/HLSDK/Release/binary-spm/rendered-local/HLSDK";
		};
/* End XCLocalSwiftPackageReference section */

/* Begin XCRemoteSwiftPackageReference section */
		11ACA4F5042042BEA88791DC /* XCRemoteSwiftPackageReference "CocoaLumberjack" */ = {
			isa = XCRemoteSwiftPackageReference;
			repositoryURL = "https://github.com/CocoaLumberjack/CocoaLumberjack.git";
			requirement = {
				kind = upToNextMajorVersion;
				minimumVersion = 3.9.0;
			};
		};
/* End XCRemoteSwiftPackageReference section */

/* Begin XCSwiftPackageProductDependency section */
		44B3A5E5272F4EDA889891E8 /* HLSDKScreenSharing */ = {
			isa = XCSwiftPackageProductDependency;
			package = 81EC40198F2148F690C72431 /* XCLocalSwiftPackageReference "../../../VisionPro/vp_work/VisionProApp/HLSDK/Release/binary-spm/rendered-local/HLSDK" */;
			productName = HLSDKScreenSharing;
		};
		45463981BB8544319253554A /* HLSDKScreenSharing */ = {
			isa = XCSwiftPackageProductDependency;
			package = 81EC40198F2148F690C72431 /* XCLocalSwiftPackageReference "../../../VisionPro/vp_work/VisionProApp/HLSDK/Release/binary-spm/rendered-local/HLSDK" */;
			productName = HLSDKScreenSharing;
		};
		660D331111024919A6F27B09 /* HLSDKSwift */ = {
			isa = XCSwiftPackageProductDependency;
			package = 81EC40198F2148F690C72431 /* XCLocalSwiftPackageReference "../../../VisionPro/vp_work/VisionProApp/HLSDK/Release/binary-spm/rendered-local/HLSDK" */;
			productName = HLSDKSwift;
		};
		9E4A5ED7211C49F48C5A59AA /* CocoaLumberjackSwift */ = {
			isa = XCSwiftPackageProductDependency;
			package = 11ACA4F5042042BEA88791DC /* XCRemoteSwiftPackageReference "CocoaLumberjack" */;
			productName = CocoaLumberjackSwift;
		};
		D712ECAB6F024AE4AC5B0FED /* CocoaLumberjackSwift */ = {
			isa = XCSwiftPackageProductDependency;
			package = 11ACA4F5042042BEA88791DC /* XCRemoteSwiftPackageReference "CocoaLumberjack" */;
			productName = CocoaLumberjackSwift;
		};
		F54B1E93B3B347A08574CA4C /* HLSDKSwift */ = {
			isa = XCSwiftPackageProductDependency;
			package = 81EC40198F2148F690C72431 /* XCLocalSwiftPackageReference "../../../VisionPro/vp_work/VisionProApp/HLSDK/Release/binary-spm/rendered-local/HLSDK" */;
			productName = HLSDKSwift;
		};
/* End XCSwiftPackageProductDependency section */
	};
	rootObject = 5DEF0DB590954DB0A5CA9E96 /* Project object */;
}
