// !$*UTF8*$!
{
	archiveVersion = 1;
	classes = {
	};
	objectVersion = 50;
	objects = {

/* Begin PBXBuildFile section */
		7F2AA7E2F920593B8442C0E0 /* libPods-SampleSwift.a in Frameworks */ = {isa = PBXBuildFile; fileRef = 0C46951C3AC2F4AC17A75F3B /* libPods-SampleSwift.a */; };
		B8CF04AA2A9CEFA500C9B004 /* DocumentManager.m in Sources */ = {isa = PBXBuildFile; fileRef = B8CF04A82A9CEFA500C9B004 /* DocumentManager.m */; };
		C77C0C4E2382895500D20259 /* AppDelegate.swift in Sources */ = {isa = PBXBuildFile; fileRef = C77C0C4D2382895500D20259 /* AppDelegate.swift */; };
		C77C0C552382895600D20259 /* Assets.xcassets in Resources */ = {isa = PBXBuildFile; fileRef = C77C0C542382895600D20259 /* Assets.xcassets */; };
		C77C0C582382895600D20259 /* LaunchScreen.storyboard in Resources */ = {isa = PBXBuildFile; fileRef = C77C0C562382895600D20259 /* LaunchScreen.storyboard */; };
		C7854D9E23D70C3A002A673C /* CallManager.m in Sources */ = {isa = PBXBuildFile; fileRef = C7854D9423D70C39002A673C /* CallManager.m */; };
		C7854D9F23D70C3A002A673C /* HLServerClient.m in Sources */ = {isa = PBXBuildFile; fileRef = C7854D9523D70C39002A673C /* HLServerClient.m */; };
		C7854DA023D70C3A002A673C /* AuthViewController.m in Sources */ = {isa = PBXBuildFile; fileRef = C7854D9823D70C3A002A673C /* AuthViewController.m */; };
		C7854DA223D70C3A002A673C /* SetupViewController.m in Sources */ = {isa = PBXBuildFile; fileRef = C7854D9D23D70C3A002A673C /* SetupViewController.m */; };
		C7854DA423D71007002A673C /* JoinViewController.swift in Sources */ = {isa = PBXBuildFile; fileRef = C7854DA323D71007002A673C /* JoinViewController.swift */; };
		C7E904002382A2D400F2795C /* Main.storyboard in Resources */ = {isa = PBXBuildFile; fileRef = C7E903FE2382A2D400F2795C /* Main.storyboard */; };
		C7E904142382A78700F2795C /* ViewController.swift in Sources */ = {isa = PBXBuildFile; fileRef = C7E904122382A53E00F2795C /* ViewController.swift */; };
/* End PBXBuildFile section */

/* Begin PBXFileReference section */
		0C46951C3AC2F4AC17A75F3B /* libPods-SampleSwift.a */ = {isa = PBXFileReference; explicitFileType = archive.ar; includeInIndex = 0; path = "libPods-SampleSwift.a"; sourceTree = BUILT_PRODUCTS_DIR; };
		307D980F12CEC5084850BF69 /* Pods-SampleSwift.release.xcconfig */ = {isa = PBXFileReference; includeInIndex = 1; lastKnownFileType = text.xcconfig; name = "Pods-SampleSwift.release.xcconfig"; path = "../SampleSwift/Pods/Target Support Files/Pods-SampleSwift/Pods-SampleSwift.release.xcconfig"; sourceTree = "<group>"; };
		A857291B395899E856B258F9 /* Pods-SampleSwift.debug.xcconfig */ = {isa = PBXFileReference; includeInIndex = 1; lastKnownFileType = text.xcconfig; name = "Pods-SampleSwift.debug.xcconfig"; path = "../SampleSwift/Pods/Target Support Files/Pods-SampleSwift/Pods-SampleSwift.debug.xcconfig"; sourceTree = "<group>"; };
		B8CF04A82A9CEFA500C9B004 /* DocumentManager.m */ = {isa = PBXFileReference; fileEncoding = 4; lastKnownFileType = sourcecode.c.objc; path = DocumentManager.m; sourceTree = "<group>"; };
		B8CF04A92A9CEFA500C9B004 /* DocumentManager.h */ = {isa = PBXFileReference; fileEncoding = 4; lastKnownFileType = sourcecode.c.h; path = DocumentManager.h; sourceTree = "<group>"; };
		C77C0C4A2382895500D20259 /* SampleSwift.app */ = {isa = PBXFileReference; explicitFileType = wrapper.application; includeInIndex = 0; path = SampleSwift.app; sourceTree = BUILT_PRODUCTS_DIR; };
		C77C0C4D2382895500D20259 /* AppDelegate.swift */ = {isa = PBXFileReference; lastKnownFileType = sourcecode.swift; path = AppDelegate.swift; sourceTree = "<group>"; };
		C77C0C542382895600D20259 /* Assets.xcassets */ = {isa = PBXFileReference; lastKnownFileType = folder.assetcatalog; path = Assets.xcassets; sourceTree = "<group>"; };
		C77C0C572382895600D20259 /* Base */ = {isa = PBXFileReference; lastKnownFileType = file.storyboard; name = Base; path = Base.lproj/LaunchScreen.storyboard; sourceTree = "<group>"; };
		C77C0C592382895600D20259 /* Info.plist */ = {isa = PBXFileReference; lastKnownFileType = text.plist.xml; path = Info.plist; sourceTree = "<group>"; };
		C7854D8923D70AF2002A673C /* HLSDK.framework */ = {isa = PBXFileReference; explicitFileType = wrapper.framework; path = HLSDK.framework; sourceTree = BUILT_PRODUCTS_DIR; };
		C7854D8A23D70AF2002A673C /* HLSDKResources.bundle */ = {isa = PBXFileReference; explicitFileType = wrapper.cfbundle; path = HLSDKResources.bundle; sourceTree = BUILT_PRODUCTS_DIR; };
		C7854D8B23D70AF2002A673C /* HLSDKSwift.framework */ = {isa = PBXFileReference; explicitFileType = wrapper.framework; path = HLSDKSwift.framework; sourceTree = BUILT_PRODUCTS_DIR; };
		C7854D9323D70C39002A673C /* SampleSwift-Bridging-Header.h */ = {isa = PBXFileReference; lastKnownFileType = sourcecode.c.h; path = "SampleSwift-Bridging-Header.h"; sourceTree = "<group>"; };
		C7854D9423D70C39002A673C /* CallManager.m */ = {isa = PBXFileReference; fileEncoding = 4; lastKnownFileType = sourcecode.c.objc; path = CallManager.m; sourceTree = "<group>"; };
		C7854D9523D70C39002A673C /* HLServerClient.m */ = {isa = PBXFileReference; fileEncoding = 4; lastKnownFileType = sourcecode.c.objc; path = HLServerClient.m; sourceTree = "<group>"; };
		C7854D9623D70C39002A673C /* AuthViewController.h */ = {isa = PBXFileReference; fileEncoding = 4; lastKnownFileType = sourcecode.c.h; path = AuthViewController.h; sourceTree = "<group>"; };
		C7854D9723D70C3A002A673C /* HLServerClient.h */ = {isa = PBXFileReference; fileEncoding = 4; lastKnownFileType = sourcecode.c.h; path = HLServerClient.h; sourceTree = "<group>"; };
		C7854D9823D70C3A002A673C /* AuthViewController.m */ = {isa = PBXFileReference; fileEncoding = 4; lastKnownFileType = sourcecode.c.objc; path = AuthViewController.m; sourceTree = "<group>"; };
		C7854D9B23D70C3A002A673C /* SetupViewController.h */ = {isa = PBXFileReference; fileEncoding = 4; lastKnownFileType = sourcecode.c.h; path = SetupViewController.h; sourceTree = "<group>"; };
		C7854D9C23D70C3A002A673C /* CallManager.h */ = {isa = PBXFileReference; fileEncoding = 4; lastKnownFileType = sourcecode.c.h; path = CallManager.h; sourceTree = "<group>"; };
		C7854D9D23D70C3A002A673C /* SetupViewController.m */ = {isa = PBXFileReference; fileEncoding = 4; lastKnownFileType = sourcecode.c.objc; path = SetupViewController.m; sourceTree = "<group>"; };
		C7854DA323D71007002A673C /* JoinViewController.swift */ = {isa = PBXFileReference; lastKnownFileType = sourcecode.swift; path = JoinViewController.swift; sourceTree = "<group>"; };
		C7E903FF2382A2D400F2795C /* Base */ = {isa = PBXFileReference; lastKnownFileType = file.storyboard; name = Base; path = Base.lproj/Main.storyboard; sourceTree = "<group>"; };
		C7E904122382A53E00F2795C /* ViewController.swift */ = {isa = PBXFileReference; fileEncoding = 4; lastKnownFileType = sourcecode.swift; path = ViewController.swift; sourceTree = "<group>"; };
/* End PBXFileReference section */

/* Begin PBXFrameworksBuildPhase section */
		C77C0C472382895500D20259 /* Frameworks */ = {
			isa = PBXFrameworksBuildPhase;
			buildActionMask = 2147483647;
			files = (
				7F2AA7E2F920593B8442C0E0 /* libPods-SampleSwift.a in Frameworks */,
			);
			runOnlyForDeploymentPostprocessing = 0;
		};
/* End PBXFrameworksBuildPhase section */

/* Begin PBXGroup section */
		8BF13A964B3A7B17FCAA5902 /* Pods */ = {
			isa = PBXGroup;
			children = (
				A857291B395899E856B258F9 /* Pods-SampleSwift.debug.xcconfig */,
				307D980F12CEC5084850BF69 /* Pods-SampleSwift.release.xcconfig */,
			);
			name = Pods;
			path = ../Pods;
			sourceTree = "<group>";
		};
		C77C0C412382895500D20259 = {
			isa = PBXGroup;
			children = (
				C77C0C4C2382895500D20259 /* SampleSwift */,
				C77C0C4B2382895500D20259 /* Products */,
				8BF13A964B3A7B17FCAA5902 /* Pods */,
				F1BFC138A15E3AE81F505288 /* Frameworks */,
			);
			sourceTree = "<group>";
		};
		C77C0C4B2382895500D20259 /* Products */ = {
			isa = PBXGroup;
			children = (
				C77C0C4A2382895500D20259 /* SampleSwift.app */,
			);
			name = Products;
			sourceTree = "<group>";
		};
		C77C0C4C2382895500D20259 /* SampleSwift */ = {
			isa = PBXGroup;
			children = (
				B8CF04A92A9CEFA500C9B004 /* DocumentManager.h */,
				B8CF04A82A9CEFA500C9B004 /* DocumentManager.m */,
				C7854D9623D70C39002A673C /* AuthViewController.h */,
				C7854D9823D70C3A002A673C /* AuthViewController.m */,
				C7854D9C23D70C3A002A673C /* CallManager.h */,
				C7854D9423D70C39002A673C /* CallManager.m */,
				C7854D9723D70C3A002A673C /* HLServerClient.h */,
				C7854D9523D70C39002A673C /* HLServerClient.m */,
				C7854D9B23D70C3A002A673C /* SetupViewController.h */,
				C7854D9D23D70C3A002A673C /* SetupViewController.m */,
				C7854DA323D71007002A673C /* JoinViewController.swift */,
				C7E904122382A53E00F2795C /* ViewController.swift */,
				C77C0C4D2382895500D20259 /* AppDelegate.swift */,
				C7E903FE2382A2D400F2795C /* Main.storyboard */,
				C77C0C542382895600D20259 /* Assets.xcassets */,
				C77C0C562382895600D20259 /* LaunchScreen.storyboard */,
				C77C0C592382895600D20259 /* Info.plist */,
				C7854D9323D70C39002A673C /* SampleSwift-Bridging-Header.h */,
			);
			path = SampleSwift;
			sourceTree = "<group>";
		};
		F1BFC138A15E3AE81F505288 /* Frameworks */ = {
			isa = PBXGroup;
			children = (
				C7854D8923D70AF2002A673C /* HLSDK.framework */,
				C7854D8A23D70AF2002A673C /* HLSDKResources.bundle */,
				C7854D8B23D70AF2002A673C /* HLSDKSwift.framework */,
				0C46951C3AC2F4AC17A75F3B /* libPods-SampleSwift.a */,
			);
			name = Frameworks;
			sourceTree = "<group>";
		};
/* End PBXGroup section */

/* Begin PBXNativeTarget section */
		C77C0C492382895500D20259 /* SampleSwift */ = {
			isa = PBXNativeTarget;
			buildConfigurationList = C77C0C5C2382895600D20259 /* Build configuration list for PBXNativeTarget "SampleSwift" */;
			buildPhases = (
				43016240B91F46813BF8DF91 /* [CP] Check Pods Manifest.lock */,
				C77C0C462382895500D20259 /* Sources */,
				C77C0C472382895500D20259 /* Frameworks */,
				C77C0C482382895500D20259 /* Resources */,
				844AF3A33A66134CB6798BE5 /* [CP] Copy Pods Resources */,
				E53702C0CAD9CBE55A0F3DAE /* [CP] Embed Pods Frameworks */,
			);
			buildRules = (
			);
			dependencies = (
			);
			name = SampleSwift;
			productName = SampleSwift;
			productReference = C77C0C4A2382895500D20259 /* SampleSwift.app */;
			productType = "com.apple.product-type.application";
		};
/* End PBXNativeTarget section */

/* Begin PBXProject section */
		C77C0C422382895500D20259 /* Project object */ = {
			isa = PBXProject;
			attributes = {
				LastSwiftUpdateCheck = 1030;
				LastUpgradeCheck = 1030;
				ORGANIZATIONNAME = Helplightning;
				TargetAttributes = {
					C77C0C492382895500D20259 = {
						CreatedOnToolsVersion = 10.3;
						LastSwiftMigration = 1130;
					};
				};
			};
			buildConfigurationList = C77C0C452382895500D20259 /* Build configuration list for PBXProject "SampleSwift" */;
			compatibilityVersion = "Xcode 9.3";
			developmentRegion = en;
			hasScannedForEncodings = 0;
			knownRegions = (
				en,
				Base,
				"zh-Hans",
			);
			mainGroup = C77C0C412382895500D20259;
			productRefGroup = C77C0C4B2382895500D20259 /* Products */;
			projectDirPath = "";
			projectRoot = "";
			targets = (
				C77C0C492382895500D20259 /* SampleSwift */,
			);
		};
/* End PBXProject section */

/* Begin PBXResourcesBuildPhase section */
		C77C0C482382895500D20259 /* Resources */ = {
			isa = PBXResourcesBuildPhase;
			buildActionMask = 2147483647;
			files = (
				C7E904002382A2D400F2795C /* Main.storyboard in Resources */,
				C77C0C582382895600D20259 /* LaunchScreen.storyboard in Resources */,
				C77C0C552382895600D20259 /* Assets.xcassets in Resources */,
			);
			runOnlyForDeploymentPostprocessing = 0;
		};
/* End PBXResourcesBuildPhase section */

/* Begin PBXShellScriptBuildPhase section */
		43016240B91F46813BF8DF91 /* [CP] Check Pods Manifest.lock */ = {
			isa = PBXShellScriptBuildPhase;
			buildActionMask = 2147483647;
			files = (
			);
			inputFileListPaths = (
			);
			inputPaths = (
				"${PODS_PODFILE_DIR_PATH}/Podfile.lock",
				"${PODS_ROOT}/Manifest.lock",
			);
			name = "[CP] Check Pods Manifest.lock";
			outputFileListPaths = (
			);
			outputPaths = (
				"$(DERIVED_FILE_DIR)/Pods-SampleSwift-checkManifestLockResult.txt",
			);
			runOnlyForDeploymentPostprocessing = 0;
			shellPath = /bin/sh;
			shellScript = "diff \"${PODS_PODFILE_DIR_PATH}/Podfile.lock\" \"${PODS_ROOT}/Manifest.lock\" > /dev/null\nif [ $? != 0 ] ; then\n    # print error to STDERR\n    echo \"error: The sandbox is not in sync with the Podfile.lock. Run 'pod install' or update your CocoaPods installation.\" >&2\n    exit 1\nfi\n# This output is used by Xcode 'outputs' to avoid re-running this script phase.\necho \"SUCCESS\" > \"${SCRIPT_OUTPUT_FILE_0}\"\n";
			showEnvVarsInLog = 0;
		};
		844AF3A33A66134CB6798BE5 /* [CP] Copy Pods Resources */ = {
			isa = PBXShellScriptBuildPhase;
			buildActionMask = 2147483647;
			files = (
			);
			inputFileListPaths = (
			);
			name = "[CP] Copy Pods Resources";
			outputFileListPaths = (
			);
			runOnlyForDeploymentPostprocessing = 0;
			shellPath = /bin/sh;
			shellScript = "\"${PODS_ROOT}/Target Support Files/Pods-SampleSwift/Pods-SampleSwift-resources.sh\"\n";
			showEnvVarsInLog = 0;
		};
		E53702C0CAD9CBE55A0F3DAE /* [CP] Embed Pods Frameworks */ = {
			isa = PBXShellScriptBuildPhase;
			buildActionMask = 2147483647;
			files = (
			);
			inputFileListPaths = (
			);
			name = "[CP] Embed Pods Frameworks";
			outputFileListPaths = (
			);
			runOnlyForDeploymentPostprocessing = 0;
			shellPath = /bin/sh;
			shellScript = "\"${PODS_ROOT}/Target Support Files/Pods-SampleSwift/Pods-SampleSwift-frameworks.sh\"\n";
			showEnvVarsInLog = 0;
		};
/* End PBXShellScriptBuildPhase section */

/* Begin PBXSourcesBuildPhase section */
		C77C0C462382895500D20259 /* Sources */ = {
			isa = PBXSourcesBuildPhase;
			buildActionMask = 2147483647;
			files = (
				C7E904142382A78700F2795C /* ViewController.swift in Sources */,
				C7854DA023D70C3A002A673C /* AuthViewController.m in Sources */,
				C7854DA423D71007002A673C /* JoinViewController.swift in Sources */,
				C7854DA223D70C3A002A673C /* SetupViewController.m in Sources */,
				C7854D9F23D70C3A002A673C /* HLServerClient.m in Sources */,
				C77C0C4E2382895500D20259 /* AppDelegate.swift in Sources */,
				B8CF04AA2A9CEFA500C9B004 /* DocumentManager.m in Sources */,
				C7854D9E23D70C3A002A673C /* CallManager.m in Sources */,
			);
			runOnlyForDeploymentPostprocessing = 0;
		};
/* End PBXSourcesBuildPhase section */

/* Begin PBXVariantGroup section */
		C77C0C562382895600D20259 /* LaunchScreen.storyboard */ = {
			isa = PBXVariantGroup;
			children = (
				C77C0C572382895600D20259 /* Base */,
			);
			name = LaunchScreen.storyboard;
			sourceTree = "<group>";
		};
		C7E903FE2382A2D400F2795C /* Main.storyboard */ = {
			isa = PBXVariantGroup;
			children = (
				C7E903FF2382A2D400F2795C /* Base */,
			);
			name = Main.storyboard;
			sourceTree = "<group>";
		};
/* End PBXVariantGroup section */

/* Begin XCBuildConfiguration section */
		C77C0C5A2382895600D20259 /* Debug */ = {
			isa = XCBuildConfiguration;
			buildSettings = {
				ALWAYS_SEARCH_USER_PATHS = NO;
				CLANG_ANALYZER_NONNULL = YES;
				CLANG_ANALYZER_NUMBER_OBJECT_CONVERSION = YES_AGGRESSIVE;
				CLANG_CXX_LANGUAGE_STANDARD = "gnu++14";
				CLANG_CXX_LIBRARY = "libc++";
				CLANG_ENABLE_MODULES = YES;
				CLANG_ENABLE_OBJC_ARC = YES;
				CLANG_ENABLE_OBJC_WEAK = YES;
				CLANG_WARN_BLOCK_CAPTURE_AUTORELEASING = YES;
				CLANG_WARN_BOOL_CONVERSION = YES;
				CLANG_WARN_COMMA = YES;
				CLANG_WARN_CONSTANT_CONVERSION = YES;
				CLANG_WARN_DEPRECATED_OBJC_IMPLEMENTATIONS = YES;
				CLANG_WARN_DIRECT_OBJC_ISA_USAGE = YES_ERROR;
				CLANG_WARN_DOCUMENTATION_COMMENTS = YES;
				CLANG_WARN_EMPTY_BODY = YES;
				CLANG_WARN_ENUM_CONVERSION = YES;
				CLANG_WARN_INFINITE_RECURSION = YES;
				CLANG_WARN_INT_CONVERSION = YES;
				CLANG_WARN_NON_LITERAL_NULL_CONVERSION = YES;
				CLANG_WARN_OBJC_IMPLICIT_RETAIN_SELF = YES;
				CLANG_WARN_OBJC_LITERAL_CONVERSION = YES;
				CLANG_WARN_OBJC_ROOT_CLASS = YES_ERROR;
				CLANG_WARN_RANGE_LOOP_ANALYSIS = YES;
				CLANG_WARN_STRICT_PROTOTYPES = YES;
				CLANG_WARN_SUSPICIOUS_MOVE = YES;
				CLANG_WARN_UNGUARDED_AVAILABILITY = YES_AGGRESSIVE;
				CLANG_WARN_UNREACHABLE_CODE = YES;
				CLANG_WARN__DUPLICATE_METHOD_MATCH = YES;
				CODE_SIGN_IDENTITY = "iPhone Developer";
				COPY_PHASE_STRIP = NO;
				DEBUG_INFORMATION_FORMAT = dwarf;
				ENABLE_STRICT_OBJC_MSGSEND = YES;
				ENABLE_TESTABILITY = YES;
				GCC_C_LANGUAGE_STANDARD = gnu11;
				GCC_DYNAMIC_NO_PIC = NO;
				GCC_NO_COMMON_BLOCKS = YES;
				GCC_OPTIMIZATION_LEVEL = 0;
				GCC_PREPROCESSOR_DEFINITIONS = (
					"DEBUG=1",
					"$(inherited)",
				);
				GCC_WARN_64_TO_32_BIT_CONVERSION = YES;
				GCC_WARN_ABOUT_RETURN_TYPE = YES_ERROR;
				GCC_WARN_UNDECLARED_SELECTOR = YES;
				GCC_WARN_UNINITIALIZED_AUTOS = YES_AGGRESSIVE;
				GCC_WARN_UNUSED_FUNCTION = YES;
				GCC_WARN_UNUSED_VARIABLE = YES;
				IPHONEOS_DEPLOYMENT_TARGET = 14.0;
				MTL_ENABLE_DEBUG_INFO = INCLUDE_SOURCE;
				MTL_FAST_MATH = YES;
				ONLY_ACTIVE_ARCH = YES;
				SDKROOT = iphoneos;
				SWIFT_ACTIVE_COMPILATION_CONDITIONS = DEBUG;
				SWIFT_OPTIMIZATION_LEVEL = "-Onone";
			};
			name = Debug;
		};
		C77C0C5B2382895600D20259 /* Release */ = {
			isa = XCBuildConfiguration;
			buildSettings = {
				ALWAYS_SEARCH_USER_PATHS = NO;
				CLANG_ANALYZER_NONNULL = YES;
				CLANG_ANALYZER_NUMBER_OBJECT_CONVERSION = YES_AGGRESSIVE;
				CLANG_CXX_LANGUAGE_STANDARD = "gnu++14";
				CLANG_CXX_LIBRARY = "libc++";
				CLANG_ENABLE_MODULES = YES;
				CLANG_ENABLE_OBJC_ARC = YES;
				CLANG_ENABLE_OBJC_WEAK = YES;
				CLANG_WARN_BLOCK_CAPTURE_AUTORELEASING = YES;
				CLANG_WARN_BOOL_CONVERSION = YES;
				CLANG_WARN_COMMA = YES;
				CLANG_WARN_CONSTANT_CONVERSION = YES;
				CLANG_WARN_DEPRECATED_OBJC_IMPLEMENTATIONS = YES;
				CLANG_WARN_DIRECT_OBJC_ISA_USAGE = YES_ERROR;
				CLANG_WARN_DOCUMENTATION_COMMENTS = YES;
				CLANG_WARN_EMPTY_BODY = YES;
				CLANG_WARN_ENUM_CONVERSION = YES;
				CLANG_WARN_INFINITE_RECURSION = YES;
				CLANG_WARN_INT_CONVERSION = YES;
				CLANG_WARN_NON_LITERAL_NULL_CONVERSION = YES;
				CLANG_WARN_OBJC_IMPLICIT_RETAIN_SELF = YES;
				CLANG_WARN_OBJC_LITERAL_CONVERSION = YES;
				CLANG_WARN_OBJC_ROOT_CLASS = YES_ERROR;
				CLANG_WARN_RANGE_LOOP_ANALYSIS = YES;
				CLANG_WARN_STRICT_PROTOTYPES = YES;
				CLANG_WARN_SUSPICIOUS_MOVE = YES;
				CLANG_WARN_UNGUARDED_AVAILABILITY = YES_AGGRESSIVE;
				CLANG_WARN_UNREACHABLE_CODE = YES;
				CLANG_WARN__DUPLICATE_METHOD_MATCH = YES;
				CODE_SIGN_IDENTITY = "iPhone Developer";
				COPY_PHASE_STRIP = NO;
				DEBUG_INFORMATION_FORMAT = "dwarf-with-dsym";
				ENABLE_NS_ASSERTIONS = NO;
				ENABLE_STRICT_OBJC_MSGSEND = YES;
				GCC_C_LANGUAGE_STANDARD = gnu11;
				GCC_NO_COMMON_BLOCKS = YES;
				GCC_WARN_64_TO_32_BIT_CONVERSION = YES;
				GCC_WARN_ABOUT_RETURN_TYPE = YES_ERROR;
				GCC_WARN_UNDECLARED_SELECTOR = YES;
				GCC_WARN_UNINITIALIZED_AUTOS = YES_AGGRESSIVE;
				GCC_WARN_UNUSED_FUNCTION = YES;
				GCC_WARN_UNUSED_VARIABLE = YES;
				IPHONEOS_DEPLOYMENT_TARGET = 14.0;
				MTL_ENABLE_DEBUG_INFO = NO;
				MTL_FAST_MATH = YES;
				SDKROOT = iphoneos;
				SWIFT_COMPILATION_MODE = wholemodule;
				SWIFT_OPTIMIZATION_LEVEL = "-O";
				VALIDATE_PRODUCT = YES;
			};
			name = Release;
		};
		C77C0C5D2382895600D20259 /* Debug */ = {
			isa = XCBuildConfiguration;
			baseConfigurationReference = A857291B395899E856B258F9 /* Pods-SampleSwift.debug.xcconfig */;
			buildSettings = {
				ASSETCATALOG_COMPILER_APPICON_NAME = AppIcon;
				CLANG_ENABLE_MODULES = YES;
				CODE_SIGN_STYLE = Automatic;
				CURRENT_PROJECT_VERSION = 6;
				DEVELOPMENT_TEAM = VGG743YS65;
				FRAMEWORK_SEARCH_PATHS = (
					"$(inherited)",
					"$(PROJECT_DIR)/SampleSwift",
					"$(PROJECT_DIR)",
				);
				INFOPLIST_FILE = SampleSwift/Info.plist;
				IPHONEOS_DEPLOYMENT_TARGET = 14.0;
				LD_RUNPATH_SEARCH_PATHS = (
					"$(inherited)",
					"@executable_path/Frameworks",
				);
				MARKETING_VERSION = 0.9.6;
				OTHER_LDFLAGS = (
					"$(inherited)",
					"-framework",
					JRE,
				);
				PRODUCT_BUNDLE_IDENTIFIER = com.helplightning.sdk.SampleSwift;
				PRODUCT_NAME = "$(TARGET_NAME)";
				SWIFT_OBJC_BRIDGING_HEADER = "SampleSwift/SampleSwift-Bridging-Header.h";
				SWIFT_OPTIMIZATION_LEVEL = "-Onone";
				SWIFT_VERSION = 5.0;
				TARGETED_DEVICE_FAMILY = "1,2";
				USER_HEADER_SEARCH_PATHS = "$(PODS_ROOT)";
			};
			name = Debug;
		};
		C77C0C5E2382895600D20259 /* Release */ = {
			isa = XCBuildConfiguration;
			baseConfigurationReference = 307D980F12CEC5084850BF69 /* Pods-SampleSwift.release.xcconfig */;
			buildSettings = {
				ASSETCATALOG_COMPILER_APPICON_NAME = AppIcon;
				CLANG_ENABLE_MODULES = YES;
				CODE_SIGN_STYLE = Automatic;
				CURRENT_PROJECT_VERSION = 6;
				DEVELOPMENT_TEAM = VGG743YS65;
				FRAMEWORK_SEARCH_PATHS = (
					"$(inherited)",
					"$(PROJECT_DIR)/SampleSwift",
					"$(PROJECT_DIR)",
				);
				INFOPLIST_FILE = SampleSwift/Info.plist;
				IPHONEOS_DEPLOYMENT_TARGET = 14.0;
				LD_RUNPATH_SEARCH_PATHS = (
					"$(inherited)",
					"@executable_path/Frameworks",
				);
				MARKETING_VERSION = 0.9.6;
				OTHER_LDFLAGS = (
					"$(inherited)",
					"-framework",
					JRE,
				);
				PRODUCT_BUNDLE_IDENTIFIER = com.helplightning.sdk.SampleSwift;
				PRODUCT_NAME = "$(TARGET_NAME)";
				SWIFT_OBJC_BRIDGING_HEADER = "SampleSwift/SampleSwift-Bridging-Header.h";
				SWIFT_VERSION = 5.0;
				TARGETED_DEVICE_FAMILY = "1,2";
				USER_HEADER_SEARCH_PATHS = "$(PODS_ROOT)";
			};
			name = Release;
		};
/* End XCBuildConfiguration section */

/* Begin XCConfigurationList section */
		C77C0C452382895500D20259 /* Build configuration list for PBXProject "SampleSwift" */ = {
			isa = XCConfigurationList;
			buildConfigurations = (
				C77C0C5A2382895600D20259 /* Debug */,
				C77C0C5B2382895600D20259 /* Release */,
			);
			defaultConfigurationIsVisible = 0;
			defaultConfigurationName = Release;
		};
		C77C0C5C2382895600D20259 /* Build configuration list for PBXNativeTarget "SampleSwift" */ = {
			isa = XCConfigurationList;
			buildConfigurations = (
				C77C0C5D2382895600D20259 /* Debug */,
				C77C0C5E2382895600D20259 /* Release */,
			);
			defaultConfigurationIsVisible = 0;
			defaultConfigurationName = Release;
		};
/* End XCConfigurationList section */
	};
	rootObject = C77C0C422382895500D20259 /* Project object */;
}
